// !$*UTF8*$!
{
	archiveVersion = 1;
	classes = {
	};
	objectVersion = 46;
	objects = {

/* Begin PBXBuildFile section */
		A212878818FDD2840001473B /* IRPhotoPreparer.m in Sources */ = {isa = PBXBuildFile; fileRef = A212878718FDD2840001473B /* IRPhotoPreparer.m */; };
		A2218312190116B800A73F2C /* opencv2.framework in Frameworks */ = {isa = PBXBuildFile; fileRef = A212878018FDD20B0001473B /* opencv2.framework */; };
		A2223E73192A97FC0032BE00 /* BookFocus@2x.png in Resources */ = {isa = PBXBuildFile; fileRef = A2223E72192A97FC0032BE00 /* BookFocus@2x.png */; };
		A22B20F0191EE7FA00B13C9B /* IRMoreInfoTableViewController.m in Sources */ = {isa = PBXBuildFile; fileRef = A22B20EF191EE7FA00B13C9B /* IRMoreInfoTableViewController.m */; };
		A2364A461901D73400BFFC63 /* UIImage+WhiteColorTransparent.m in Sources */ = {isa = PBXBuildFile; fileRef = A2364A451901D73400BFFC63 /* UIImage+WhiteColorTransparent.m */; };
		A23BE78B18C3FB5100FD461D /* IRReviewsAPI.m in Sources */ = {isa = PBXBuildFile; fileRef = A23BE78A18C3FB5100FD461D /* IRReviewsAPI.m */; };
		A246FD991915784A00CD6B57 /* gradient_orange@2x.png in Resources */ = {isa = PBXBuildFile; fileRef = A246FD981915784A00CD6B57 /* gradient_orange@2x.png */; };
		A24E1E73190B980A00F905C3 /* MZAppearance.m in Sources */ = {isa = PBXBuildFile; fileRef = A24E1E70190B980A00F905C3 /* MZAppearance.m */; };
		A24E1E74190B980A00F905C3 /* NSInvocation+Copy.m in Sources */ = {isa = PBXBuildFile; fileRef = A24E1E72190B980A00F905C3 /* NSInvocation+Copy.m */; };
		A255B8C218CB1ABB00EEC446 /* IRBookDetailsViewController.m in Sources */ = {isa = PBXBuildFile; fileRef = A255B8C118CB1ABB00EEC446 /* IRBookDetailsViewController.m */; };
		A25C8F301912F50C006FD81C /* UIView+Screenshot.m in Sources */ = {isa = PBXBuildFile; fileRef = A25C8F2F1912F50C006FD81C /* UIView+Screenshot.m */; };
		A26836DA191D80A200B626BC /* Awful@2x.png in Resources */ = {isa = PBXBuildFile; fileRef = A26836D7191D80A200B626BC /* Awful@2x.png */; };
		A26836E2191D841600B626BC /* Good@2x.png in Resources */ = {isa = PBXBuildFile; fileRef = A26836E0191D841600B626BC /* Good@2x.png */; };
		A26836E3191D841600B626BC /* Bad@2x.png in Resources */ = {isa = PBXBuildFile; fileRef = A26836E1191D841600B626BC /* Bad@2x.png */; };
		A26836E9191D91C200B626BC /* SnapButton@2x.png in Resources */ = {isa = PBXBuildFile; fileRef = A26836EB191D91C200B626BC /* SnapButton@2x.png */; };
		A26836EC191D91E400B626BC /* TryAgainButton@2x.png in Resources */ = {isa = PBXBuildFile; fileRef = A26836EE191D91E400B626BC /* TryAgainButton@2x.png */; };
		A2683701191D956600B626BC /* Localizable.strings in Resources */ = {isa = PBXBuildFile; fileRef = A2683703191D956600B626BC /* Localizable.strings */; };
		A2706390191BA80A00ED7114 /* Stars@2x.png in Resources */ = {isa = PBXBuildFile; fileRef = A270638F191BA80A00ED7114 /* Stars@2x.png */; };
		A2706392191BAA9C00ED7114 /* RatingCell@2x.png in Resources */ = {isa = PBXBuildFile; fileRef = A2706391191BAA9C00ED7114 /* RatingCell@2x.png */; };
		A275AB3E18E4D24800E2BCC4 /* IRViewFinderView.m in Sources */ = {isa = PBXBuildFile; fileRef = A275AB3D18E4D24800E2BCC4 /* IRViewFinderView.m */; };
		A275AB4018E4D8E600E2BCC4 /* CoreMotion.framework in Frameworks */ = {isa = PBXBuildFile; fileRef = A275AB3F18E4D8E600E2BCC4 /* CoreMotion.framework */; };
		A275AB4618E4E62800E2BCC4 /* IRViewFinderLayer.m in Sources */ = {isa = PBXBuildFile; fileRef = A275AB4518E4E62800E2BCC4 /* IRViewFinderLayer.m */; };
		A276A86C18C3D5FF006865F2 /* Foundation.framework in Frameworks */ = {isa = PBXBuildFile; fileRef = A276A86B18C3D5FF006865F2 /* Foundation.framework */; };
		A276A86E18C3D5FF006865F2 /* CoreGraphics.framework in Frameworks */ = {isa = PBXBuildFile; fileRef = A276A86D18C3D5FF006865F2 /* CoreGraphics.framework */; };
		A276A87018C3D5FF006865F2 /* UIKit.framework in Frameworks */ = {isa = PBXBuildFile; fileRef = A276A86F18C3D5FF006865F2 /* UIKit.framework */; };
		A276A87818C3D5FF006865F2 /* main.m in Sources */ = {isa = PBXBuildFile; fileRef = A276A87718C3D5FF006865F2 /* main.m */; };
		A276A87C18C3D5FF006865F2 /* IRAppDelegate.m in Sources */ = {isa = PBXBuildFile; fileRef = A276A87B18C3D5FF006865F2 /* IRAppDelegate.m */; };
		A276A87F18C3D5FF006865F2 /* Main.storyboard in Resources */ = {isa = PBXBuildFile; fileRef = A276A87D18C3D5FF006865F2 /* Main.storyboard */; };
		A276A88218C3D5FF006865F2 /* IRMainViewController.m in Sources */ = {isa = PBXBuildFile; fileRef = A276A88118C3D5FF006865F2 /* IRMainViewController.m */; };
		A276A88418C3D5FF006865F2 /* Images.xcassets in Resources */ = {isa = PBXBuildFile; fileRef = A276A88318C3D5FF006865F2 /* Images.xcassets */; };
		A276A88B18C3D5FF006865F2 /* XCTest.framework in Frameworks */ = {isa = PBXBuildFile; fileRef = A276A88A18C3D5FF006865F2 /* XCTest.framework */; };
		A276A88C18C3D5FF006865F2 /* Foundation.framework in Frameworks */ = {isa = PBXBuildFile; fileRef = A276A86B18C3D5FF006865F2 /* Foundation.framework */; };
		A276A88D18C3D5FF006865F2 /* UIKit.framework in Frameworks */ = {isa = PBXBuildFile; fileRef = A276A86F18C3D5FF006865F2 /* UIKit.framework */; };
		A276A89718C3D5FF006865F2 /* InstaReviewTests.m in Sources */ = {isa = PBXBuildFile; fileRef = A276A89618C3D5FF006865F2 /* InstaReviewTests.m */; };
		A276A8A918C3E090006865F2 /* MobileCoreServices.framework in Frameworks */ = {isa = PBXBuildFile; fileRef = A276A8A818C3E090006865F2 /* MobileCoreServices.framework */; };
		A276A8AC18C3EDB0006865F2 /* IRHTTPClient.m in Sources */ = {isa = PBXBuildFile; fileRef = A276A8AB18C3EDB0006865F2 /* IRHTTPClient.m */; };
		A27FF67819158DC2003C7E2F /* SadSmile@2x.png in Resources */ = {isa = PBXBuildFile; fileRef = A27FF67619158DC2003C7E2F /* SadSmile@2x.png */; };
		A285C7B7190A9B7700F1E5AD /* History@2x.png in Resources */ = {isa = PBXBuildFile; fileRef = A285C7B3190A9B7700F1E5AD /* History@2x.png */; };
		A285C7B9190A9B7700F1E5AD /* Title@2x.png in Resources */ = {isa = PBXBuildFile; fileRef = A285C7B5190A9B7700F1E5AD /* Title@2x.png */; };
		A2877353190C33A100839F75 /* TakeButton@2x.png in Resources */ = {isa = PBXBuildFile; fileRef = A2877352190C33A100839F75 /* TakeButton@2x.png */; };
		A28E87BC191D9B1A00C162AB /* IRCameraOverlayViewController.xib in Resources */ = {isa = PBXBuildFile; fileRef = A28E87BE191D9B1A00C162AB /* IRCameraOverlayViewController.xib */; };
		A28E87C5191DA17500C162AB /* IRAppRatingController.m in Sources */ = {isa = PBXBuildFile; fileRef = A28E87C4191DA17500C162AB /* IRAppRatingController.m */; };
		A2A91722191ADDE700BB88CE /* BlurBgOverlay@2x.png in Resources */ = {isa = PBXBuildFile; fileRef = A2A91721191ADDE700BB88CE /* BlurBgOverlay@2x.png */; };
		A2A91724191ADDF100BB88CE /* BookBgCircle@2x.png in Resources */ = {isa = PBXBuildFile; fileRef = A2A91723191ADDF100BB88CE /* BookBgCircle@2x.png */; };
		A2A91730191AF14600BB88CE /* UIImage+MaskImage.m in Sources */ = {isa = PBXBuildFile; fileRef = A2A9172F191AF14600BB88CE /* UIImage+MaskImage.m */; };
		A2A9173A191B0C0E00BB88CE /* blankCover.png in Resources */ = {isa = PBXBuildFile; fileRef = A2A91739191B0C0E00BB88CE /* blankCover.png */; };
		A2A9173D191B159B00BB88CE /* UIImage+DrawImage.m in Sources */ = {isa = PBXBuildFile; fileRef = A2A9173B191B159B00BB88CE /* UIImage+DrawImage.m */; };
		A2AAA2F519139D56006E8034 /* IRBusyView.m in Sources */ = {isa = PBXBuildFile; fileRef = A2AAA2F419139D56006E8034 /* IRBusyView.m */; };
		A2AAA2F819139DE4006E8034 /* IRBusyViewLayer.m in Sources */ = {isa = PBXBuildFile; fileRef = A2AAA2F719139DE4006E8034 /* IRBusyViewLayer.m */; };
		A2B06FF318D8A38D0004ACE1 /* CoreImage.framework in Frameworks */ = {isa = PBXBuildFile; fileRef = A2B06FF218D8A38D0004ACE1 /* CoreImage.framework */; };
		A2B06FF718D8A3BA0004ACE1 /* UIImage+Filters.m in Sources */ = {isa = PBXBuildFile; fileRef = A2B06FF618D8A3BA0004ACE1 /* UIImage+Filters.m */; };
		A2B310A818CA60FF00868DEA /* UIImage+Resize.m in Sources */ = {isa = PBXBuildFile; fileRef = A2B310A718CA60FF00868DEA /* UIImage+Resize.m */; };
		A2C011DB190BFFF100262C83 /* IRCameraOverlayViewController.m in Sources */ = {isa = PBXBuildFile; fileRef = A2C011D9190BFFF100262C83 /* IRCameraOverlayViewController.m */; };
		A2C7CAF1190071F700DCCF1E /* IROopsViewController.m in Sources */ = {isa = PBXBuildFile; fileRef = A2C7CAF0190071F700DCCF1E /* IROopsViewController.m */; };
		A2C7CAF41900817100DCCF1E /* IRPersistencyManager.m in Sources */ = {isa = PBXBuildFile; fileRef = A2C7CAF31900817100DCCF1E /* IRPersistencyManager.m */; };
		A2C81932190BD59500B55B01 /* CloseButton@2x.png in Resources */ = {isa = PBXBuildFile; fileRef = A2C8192D190BD59500B55B01 /* CloseButton@2x.png */; };
		A2C81933190BD59500B55B01 /* FlashButton-auto@2x.png in Resources */ = {isa = PBXBuildFile; fileRef = A2C8192E190BD59500B55B01 /* FlashButton-auto@2x.png */; };
		A2C81934190BD59500B55B01 /* FlashButton-off@2x.png in Resources */ = {isa = PBXBuildFile; fileRef = A2C8192F190BD59500B55B01 /* FlashButton-off@2x.png */; };
		A2C81935190BD59500B55B01 /* FlashButton-on@2x.png in Resources */ = {isa = PBXBuildFile; fileRef = A2C81930190BD59500B55B01 /* FlashButton-on@2x.png */; };
		A2D729721911A81D00E8289A /* Bg@2x.png in Resources */ = {isa = PBXBuildFile; fileRef = A2D729711911A81D00E8289A /* Bg@2x.png */; };
		A2D729741911A8E600E8289A /* Book@2x.png in Resources */ = {isa = PBXBuildFile; fileRef = A2D729731911A8E600E8289A /* Book@2x.png */; };
		A2E1A61118CA679D00CD1E28 /* IRBookDetails.m in Sources */ = {isa = PBXBuildFile; fileRef = A2E1A61018CA679D00CD1E28 /* IRBookDetails.m */; };
		A2E1A61418CA67A600CD1E28 /* IRBookReview.m in Sources */ = {isa = PBXBuildFile; fileRef = A2E1A61318CA67A600CD1E28 /* IRBookReview.m */; };
		A2E1A61718CA6E3400CD1E28 /* IRReviewsFetcher.m in Sources */ = {isa = PBXBuildFile; fileRef = A2E1A61618CA6E3400CD1E28 /* IRReviewsFetcher.m */; };
		A2E1A62018CA780A00CD1E28 /* IRChoosingBookViewController.m in Sources */ = {isa = PBXBuildFile; fileRef = A2E1A61F18CA780A00CD1E28 /* IRChoosingBookViewController.m */; };
		A2F511CB18E6290A001C6209 /* IRRecognitionResponse.m in Sources */ = {isa = PBXBuildFile; fileRef = A2F511CA18E6290A001C6209 /* IRRecognitionResponse.m */; };
		A2FB70F1190B0561007D8811 /* BlurryModalSegue.m in Sources */ = {isa = PBXBuildFile; fileRef = A2FB70F0190B0561007D8811 /* BlurryModalSegue.m */; };
		A2FB70F7190B060F007D8811 /* UIImage+ImageEffects.m in Sources */ = {isa = PBXBuildFile; fileRef = A2FB70F5190B060F007D8811 /* UIImage+ImageEffects.m */; };
/* End PBXBuildFile section */

/* Begin PBXContainerItemProxy section */
		A276A88E18C3D5FF006865F2 /* PBXContainerItemProxy */ = {
			isa = PBXContainerItemProxy;
			containerPortal = A276A86018C3D5FE006865F2 /* Project object */;
			proxyType = 1;
			remoteGlobalIDString = A276A86718C3D5FF006865F2;
			remoteInfo = InstaReview;
		};
/* End PBXContainerItemProxy section */

/* Begin PBXFileReference section */
		A212878018FDD20B0001473B /* opencv2.framework */ = {isa = PBXFileReference; lastKnownFileType = wrapper.framework; name = opencv2.framework; path = ../opencv2.framework; sourceTree = "<group>"; };
		A212878618FDD2840001473B /* IRPhotoPreparer.h */ = {isa = PBXFileReference; fileEncoding = 4; lastKnownFileType = sourcecode.c.h; path = IRPhotoPreparer.h; sourceTree = "<group>"; };
		A212878718FDD2840001473B /* IRPhotoPreparer.m */ = {isa = PBXFileReference; fileEncoding = 4; lastKnownFileType = sourcecode.c.objc; path = IRPhotoPreparer.m; sourceTree = "<group>"; };
		A2223E72192A97FC0032BE00 /* BookFocus@2x.png */ = {isa = PBXFileReference; lastKnownFileType = image.png; path = "BookFocus@2x.png"; sourceTree = "<group>"; };
		A22B20EE191EE7FA00B13C9B /* IRMoreInfoTableViewController.h */ = {isa = PBXFileReference; fileEncoding = 4; lastKnownFileType = sourcecode.c.h; path = IRMoreInfoTableViewController.h; sourceTree = "<group>"; };
		A22B20EF191EE7FA00B13C9B /* IRMoreInfoTableViewController.m */ = {isa = PBXFileReference; fileEncoding = 4; lastKnownFileType = sourcecode.c.objc; path = IRMoreInfoTableViewController.m; sourceTree = "<group>"; };
		A2364A441901D73400BFFC63 /* UIImage+WhiteColorTransparent.h */ = {isa = PBXFileReference; fileEncoding = 4; lastKnownFileType = sourcecode.c.h; path = "UIImage+WhiteColorTransparent.h"; sourceTree = "<group>"; };
		A2364A451901D73400BFFC63 /* UIImage+WhiteColorTransparent.m */ = {isa = PBXFileReference; fileEncoding = 4; lastKnownFileType = sourcecode.c.objc; path = "UIImage+WhiteColorTransparent.m"; sourceTree = "<group>"; };
		A23BE78918C3FB5100FD461D /* IRReviewsAPI.h */ = {isa = PBXFileReference; fileEncoding = 4; lastKnownFileType = sourcecode.c.h; path = IRReviewsAPI.h; sourceTree = "<group>"; };
		A23BE78A18C3FB5100FD461D /* IRReviewsAPI.m */ = {isa = PBXFileReference; fileEncoding = 4; lastKnownFileType = sourcecode.c.objc; path = IRReviewsAPI.m; sourceTree = "<group>"; };
		A246FD981915784A00CD6B57 /* gradient_orange@2x.png */ = {isa = PBXFileReference; lastKnownFileType = image.png; path = "gradient_orange@2x.png"; sourceTree = "<group>"; };
		A24E1E6F190B980A00F905C3 /* MZAppearance.h */ = {isa = PBXFileReference; fileEncoding = 4; lastKnownFileType = sourcecode.c.h; path = MZAppearance.h; sourceTree = "<group>"; };
		A24E1E70190B980A00F905C3 /* MZAppearance.m */ = {isa = PBXFileReference; fileEncoding = 4; lastKnownFileType = sourcecode.c.objc; path = MZAppearance.m; sourceTree = "<group>"; };
		A24E1E71190B980A00F905C3 /* NSInvocation+Copy.h */ = {isa = PBXFileReference; fileEncoding = 4; lastKnownFileType = sourcecode.c.h; path = "NSInvocation+Copy.h"; sourceTree = "<group>"; };
		A24E1E72190B980A00F905C3 /* NSInvocation+Copy.m */ = {isa = PBXFileReference; fileEncoding = 4; lastKnownFileType = sourcecode.c.objc; path = "NSInvocation+Copy.m"; sourceTree = "<group>"; };
		A255B8C018CB1ABB00EEC446 /* IRBookDetailsViewController.h */ = {isa = PBXFileReference; fileEncoding = 4; lastKnownFileType = sourcecode.c.h; path = IRBookDetailsViewController.h; sourceTree = "<group>"; };
		A255B8C118CB1ABB00EEC446 /* IRBookDetailsViewController.m */ = {isa = PBXFileReference; fileEncoding = 4; lastKnownFileType = sourcecode.c.objc; path = IRBookDetailsViewController.m; sourceTree = "<group>"; };
		A25C8F2E1912F50C006FD81C /* UIView+Screenshot.h */ = {isa = PBXFileReference; fileEncoding = 4; lastKnownFileType = sourcecode.c.h; path = "UIView+Screenshot.h"; sourceTree = "<group>"; };
		A25C8F2F1912F50C006FD81C /* UIView+Screenshot.m */ = {isa = PBXFileReference; fileEncoding = 4; lastKnownFileType = sourcecode.c.objc; path = "UIView+Screenshot.m"; sourceTree = "<group>"; };
		A26836D7191D80A200B626BC /* Awful@2x.png */ = {isa = PBXFileReference; lastKnownFileType = image.png; path = "Awful@2x.png"; sourceTree = "<group>"; };
		A26836E0191D841600B626BC /* Good@2x.png */ = {isa = PBXFileReference; lastKnownFileType = image.png; path = "Good@2x.png"; sourceTree = "<group>"; };
		A26836E1191D841600B626BC /* Bad@2x.png */ = {isa = PBXFileReference; lastKnownFileType = image.png; path = "Bad@2x.png"; sourceTree = "<group>"; };
		A26836E4191D8AC300B626BC /* en */ = {isa = PBXFileReference; lastKnownFileType = text.plist.strings; name = en; path = en.lproj/Main.strings; sourceTree = "<group>"; };
		A26836E5191D8EBF00B626BC /* ru */ = {isa = PBXFileReference; lastKnownFileType = text.plist.strings; name = ru; path = ru.lproj/Main.strings; sourceTree = "<group>"; };
		A26836ED191D91E400B626BC /* ru */ = {isa = PBXFileReference; lastKnownFileType = image.png; name = ru; path = "ru.lproj/TryAgainButton@2x.png"; sourceTree = "<group>"; };
		A26836F1191D924300B626BC /* en */ = {isa = PBXFileReference; lastKnownFileType = image.png; name = en; path = "en.lproj/TryAgainButton@2x.png"; sourceTree = "<group>"; };
		A2683702191D956600B626BC /* Base */ = {isa = PBXFileReference; lastKnownFileType = text.plist.strings; name = Base; path = Base.lproj/Localizable.strings; sourceTree = "<group>"; };
		A2683704191D956900B626BC /* en */ = {isa = PBXFileReference; lastKnownFileType = text.plist.strings; name = en; path = en.lproj/Localizable.strings; sourceTree = "<group>"; };
		A2683705191D956B00B626BC /* ru */ = {isa = PBXFileReference; lastKnownFileType = text.plist.strings; name = ru; path = ru.lproj/Localizable.strings; sourceTree = "<group>"; };
		A2683706191D959E00B626BC /* Base */ = {isa = PBXFileReference; lastKnownFileType = image.png; name = Base; path = "Base.lproj/TryAgainButton@2x.png"; sourceTree = "<group>"; };
		A268371A191D992100B626BC /* ru */ = {isa = PBXFileReference; lastKnownFileType = image.png; name = ru; path = "ru.lproj/SnapButton@2x.png"; sourceTree = "<group>"; };
		A268371B191D99C300B626BC /* en */ = {isa = PBXFileReference; lastKnownFileType = image.png; name = en; path = "en.lproj/SnapButton@2x.png"; sourceTree = "<group>"; };
		A270638F191BA80A00ED7114 /* Stars@2x.png */ = {isa = PBXFileReference; lastKnownFileType = image.png; path = "Stars@2x.png"; sourceTree = "<group>"; };
		A2706391191BAA9C00ED7114 /* RatingCell@2x.png */ = {isa = PBXFileReference; lastKnownFileType = image.png; path = "RatingCell@2x.png"; sourceTree = "<group>"; };
		A275AB3C18E4D24800E2BCC4 /* IRViewFinderView.h */ = {isa = PBXFileReference; fileEncoding = 4; lastKnownFileType = sourcecode.c.h; path = IRViewFinderView.h; sourceTree = "<group>"; };
		A275AB3D18E4D24800E2BCC4 /* IRViewFinderView.m */ = {isa = PBXFileReference; fileEncoding = 4; lastKnownFileType = sourcecode.c.objc; path = IRViewFinderView.m; sourceTree = "<group>"; };
		A275AB3F18E4D8E600E2BCC4 /* CoreMotion.framework */ = {isa = PBXFileReference; lastKnownFileType = wrapper.framework; name = CoreMotion.framework; path = System/Library/Frameworks/CoreMotion.framework; sourceTree = SDKROOT; };
		A275AB4418E4E62800E2BCC4 /* IRViewFinderLayer.h */ = {isa = PBXFileReference; fileEncoding = 4; lastKnownFileType = sourcecode.c.h; path = IRViewFinderLayer.h; sourceTree = "<group>"; };
		A275AB4518E4E62800E2BCC4 /* IRViewFinderLayer.m */ = {isa = PBXFileReference; fileEncoding = 4; lastKnownFileType = sourcecode.c.objc; path = IRViewFinderLayer.m; sourceTree = "<group>"; };
		A276A86818C3D5FF006865F2 /* InstaReview.app */ = {isa = PBXFileReference; explicitFileType = wrapper.application; includeInIndex = 0; path = InstaReview.app; sourceTree = BUILT_PRODUCTS_DIR; };
		A276A86B18C3D5FF006865F2 /* Foundation.framework */ = {isa = PBXFileReference; lastKnownFileType = wrapper.framework; name = Foundation.framework; path = System/Library/Frameworks/Foundation.framework; sourceTree = SDKROOT; };
		A276A86D18C3D5FF006865F2 /* CoreGraphics.framework */ = {isa = PBXFileReference; lastKnownFileType = wrapper.framework; name = CoreGraphics.framework; path = System/Library/Frameworks/CoreGraphics.framework; sourceTree = SDKROOT; };
		A276A86F18C3D5FF006865F2 /* UIKit.framework */ = {isa = PBXFileReference; lastKnownFileType = wrapper.framework; name = UIKit.framework; path = System/Library/Frameworks/UIKit.framework; sourceTree = SDKROOT; };
		A276A87318C3D5FF006865F2 /* InstaReview-Info.plist */ = {isa = PBXFileReference; lastKnownFileType = text.plist.xml; path = "InstaReview-Info.plist"; sourceTree = "<group>"; };
		A276A87718C3D5FF006865F2 /* main.m */ = {isa = PBXFileReference; lastKnownFileType = sourcecode.c.objc; path = main.m; sourceTree = "<group>"; };
		A276A87918C3D5FF006865F2 /* InstaReview-Prefix.pch */ = {isa = PBXFileReference; lastKnownFileType = sourcecode.c.h; path = "InstaReview-Prefix.pch"; sourceTree = "<group>"; };
		A276A87A18C3D5FF006865F2 /* IRAppDelegate.h */ = {isa = PBXFileReference; lastKnownFileType = sourcecode.c.h; path = IRAppDelegate.h; sourceTree = "<group>"; };
		A276A87B18C3D5FF006865F2 /* IRAppDelegate.m */ = {isa = PBXFileReference; lastKnownFileType = sourcecode.c.objc; path = IRAppDelegate.m; sourceTree = "<group>"; };
		A276A87E18C3D5FF006865F2 /* Base */ = {isa = PBXFileReference; lastKnownFileType = file.storyboard; name = Base; path = Base.lproj/Main.storyboard; sourceTree = "<group>"; };
		A276A88018C3D5FF006865F2 /* IRMainViewController.h */ = {isa = PBXFileReference; lastKnownFileType = sourcecode.c.h; path = IRMainViewController.h; sourceTree = "<group>"; };
		A276A88118C3D5FF006865F2 /* IRMainViewController.m */ = {isa = PBXFileReference; lastKnownFileType = sourcecode.c.objc; path = IRMainViewController.m; sourceTree = "<group>"; };
		A276A88318C3D5FF006865F2 /* Images.xcassets */ = {isa = PBXFileReference; lastKnownFileType = folder.assetcatalog; path = Images.xcassets; sourceTree = "<group>"; };
		A276A88918C3D5FF006865F2 /* InstaReviewTests.xctest */ = {isa = PBXFileReference; explicitFileType = wrapper.cfbundle; includeInIndex = 0; path = InstaReviewTests.xctest; sourceTree = BUILT_PRODUCTS_DIR; };
		A276A88A18C3D5FF006865F2 /* XCTest.framework */ = {isa = PBXFileReference; lastKnownFileType = wrapper.framework; name = XCTest.framework; path = Library/Frameworks/XCTest.framework; sourceTree = DEVELOPER_DIR; };
		A276A89218C3D5FF006865F2 /* InstaReviewTests-Info.plist */ = {isa = PBXFileReference; lastKnownFileType = text.plist.xml; path = "InstaReviewTests-Info.plist"; sourceTree = "<group>"; };
		A276A89618C3D5FF006865F2 /* InstaReviewTests.m */ = {isa = PBXFileReference; lastKnownFileType = sourcecode.c.objc; path = InstaReviewTests.m; sourceTree = "<group>"; };
		A276A8A818C3E090006865F2 /* MobileCoreServices.framework */ = {isa = PBXFileReference; lastKnownFileType = wrapper.framework; name = MobileCoreServices.framework; path = System/Library/Frameworks/MobileCoreServices.framework; sourceTree = SDKROOT; };
		A276A8AA18C3EDB0006865F2 /* IRHTTPClient.h */ = {isa = PBXFileReference; fileEncoding = 4; lastKnownFileType = sourcecode.c.h; path = IRHTTPClient.h; sourceTree = "<group>"; };
		A276A8AB18C3EDB0006865F2 /* IRHTTPClient.m */ = {isa = PBXFileReference; fileEncoding = 4; lastKnownFileType = sourcecode.c.objc; path = IRHTTPClient.m; sourceTree = "<group>"; };
		A27FF67619158DC2003C7E2F /* SadSmile@2x.png */ = {isa = PBXFileReference; lastKnownFileType = image.png; path = "SadSmile@2x.png"; sourceTree = "<group>"; };
		A285C7B3190A9B7700F1E5AD /* History@2x.png */ = {isa = PBXFileReference; lastKnownFileType = image.png; path = "History@2x.png"; sourceTree = "<group>"; };
		A285C7B5190A9B7700F1E5AD /* Title@2x.png */ = {isa = PBXFileReference; lastKnownFileType = image.png; path = "Title@2x.png"; sourceTree = "<group>"; };
		A2877352190C33A100839F75 /* TakeButton@2x.png */ = {isa = PBXFileReference; lastKnownFileType = image.png; path = "TakeButton@2x.png"; sourceTree = "<group>"; };
		A28E87BB191D9A7800C162AB /* Base */ = {isa = PBXFileReference; lastKnownFileType = image.png; name = Base; path = "Base.lproj/SnapButton@2x.png"; sourceTree = "<group>"; };
		A28E87BD191D9B1A00C162AB /* Base */ = {isa = PBXFileReference; lastKnownFileType = file.xib; name = Base; path = Base.lproj/IRCameraOverlayViewController.xib; sourceTree = "<group>"; };
		A28E87C0191D9B1F00C162AB /* en */ = {isa = PBXFileReference; lastKnownFileType = text.plist.strings; name = en; path = en.lproj/IRCameraOverlayViewController.strings; sourceTree = "<group>"; };
		A28E87C2191D9B2200C162AB /* ru */ = {isa = PBXFileReference; lastKnownFileType = text.plist.strings; name = ru; path = ru.lproj/IRCameraOverlayViewController.strings; sourceTree = "<group>"; };
		A28E87C3191DA17500C162AB /* IRAppRatingController.h */ = {isa = PBXFileReference; fileEncoding = 4; lastKnownFileType = sourcecode.c.h; path = IRAppRatingController.h; sourceTree = "<group>"; };
		A28E87C4191DA17500C162AB /* IRAppRatingController.m */ = {isa = PBXFileReference; fileEncoding = 4; lastKnownFileType = sourcecode.c.objc; path = IRAppRatingController.m; sourceTree = "<group>"; };
		A2A91721191ADDE700BB88CE /* BlurBgOverlay@2x.png */ = {isa = PBXFileReference; lastKnownFileType = image.png; path = "BlurBgOverlay@2x.png"; sourceTree = "<group>"; };
		A2A91723191ADDF100BB88CE /* BookBgCircle@2x.png */ = {isa = PBXFileReference; lastKnownFileType = image.png; path = "BookBgCircle@2x.png"; sourceTree = "<group>"; };
		A2A9172E191AF14600BB88CE /* UIImage+MaskImage.h */ = {isa = PBXFileReference; fileEncoding = 4; lastKnownFileType = sourcecode.c.h; path = "UIImage+MaskImage.h"; sourceTree = "<group>"; };
		A2A9172F191AF14600BB88CE /* UIImage+MaskImage.m */ = {isa = PBXFileReference; fileEncoding = 4; lastKnownFileType = sourcecode.c.objc; path = "UIImage+MaskImage.m"; sourceTree = "<group>"; };
		A2A91739191B0C0E00BB88CE /* blankCover.png */ = {isa = PBXFileReference; lastKnownFileType = image.png; path = blankCover.png; sourceTree = "<group>"; };
		A2A9173B191B159B00BB88CE /* UIImage+DrawImage.m */ = {isa = PBXFileReference; fileEncoding = 4; lastKnownFileType = sourcecode.c.objc; path = "UIImage+DrawImage.m"; sourceTree = "<group>"; };
		A2A9173C191B159B00BB88CE /* UIImage+DrawImage.h */ = {isa = PBXFileReference; fileEncoding = 4; lastKnownFileType = sourcecode.c.h; path = "UIImage+DrawImage.h"; sourceTree = "<group>"; };
		A2AAA2F319139D56006E8034 /* IRBusyView.h */ = {isa = PBXFileReference; fileEncoding = 4; lastKnownFileType = sourcecode.c.h; path = IRBusyView.h; sourceTree = "<group>"; };
		A2AAA2F419139D56006E8034 /* IRBusyView.m */ = {isa = PBXFileReference; fileEncoding = 4; lastKnownFileType = sourcecode.c.objc; path = IRBusyView.m; sourceTree = "<group>"; };
		A2AAA2F619139DE4006E8034 /* IRBusyViewLayer.h */ = {isa = PBXFileReference; fileEncoding = 4; lastKnownFileType = sourcecode.c.h; path = IRBusyViewLayer.h; sourceTree = "<group>"; };
		A2AAA2F719139DE4006E8034 /* IRBusyViewLayer.m */ = {isa = PBXFileReference; fileEncoding = 4; lastKnownFileType = sourcecode.c.objc; path = IRBusyViewLayer.m; sourceTree = "<group>"; };
		A2B06FF218D8A38D0004ACE1 /* CoreImage.framework */ = {isa = PBXFileReference; lastKnownFileType = wrapper.framework; name = CoreImage.framework; path = System/Library/Frameworks/CoreImage.framework; sourceTree = SDKROOT; };
		A2B06FF518D8A3BA0004ACE1 /* UIImage+Filters.h */ = {isa = PBXFileReference; fileEncoding = 4; lastKnownFileType = sourcecode.c.h; path = "UIImage+Filters.h"; sourceTree = "<group>"; };
		A2B06FF618D8A3BA0004ACE1 /* UIImage+Filters.m */ = {isa = PBXFileReference; fileEncoding = 4; lastKnownFileType = sourcecode.c.objc; path = "UIImage+Filters.m"; sourceTree = "<group>"; };
		A2B310A618CA60FF00868DEA /* UIImage+Resize.h */ = {isa = PBXFileReference; fileEncoding = 4; lastKnownFileType = sourcecode.c.h; path = "UIImage+Resize.h"; sourceTree = "<group>"; };
		A2B310A718CA60FF00868DEA /* UIImage+Resize.m */ = {isa = PBXFileReference; fileEncoding = 4; lastKnownFileType = sourcecode.c.objc; path = "UIImage+Resize.m"; sourceTree = "<group>"; };
		A2C011D8190BFFF100262C83 /* IRCameraOverlayViewController.h */ = {isa = PBXFileReference; fileEncoding = 4; lastKnownFileType = sourcecode.c.h; path = IRCameraOverlayViewController.h; sourceTree = "<group>"; };
		A2C011D9190BFFF100262C83 /* IRCameraOverlayViewController.m */ = {isa = PBXFileReference; fileEncoding = 4; lastKnownFileType = sourcecode.c.objc; path = IRCameraOverlayViewController.m; sourceTree = "<group>"; };
		A2C7CAEF190071F700DCCF1E /* IROopsViewController.h */ = {isa = PBXFileReference; fileEncoding = 4; lastKnownFileType = sourcecode.c.h; path = IROopsViewController.h; sourceTree = "<group>"; };
		A2C7CAF0190071F700DCCF1E /* IROopsViewController.m */ = {isa = PBXFileReference; fileEncoding = 4; lastKnownFileType = sourcecode.c.objc; path = IROopsViewController.m; sourceTree = "<group>"; };
		A2C7CAF21900817100DCCF1E /* IRPersistencyManager.h */ = {isa = PBXFileReference; fileEncoding = 4; lastKnownFileType = sourcecode.c.h; path = IRPersistencyManager.h; sourceTree = "<group>"; };
		A2C7CAF31900817100DCCF1E /* IRPersistencyManager.m */ = {isa = PBXFileReference; fileEncoding = 4; lastKnownFileType = sourcecode.c.objc; path = IRPersistencyManager.m; sourceTree = "<group>"; };
		A2C8192D190BD59500B55B01 /* CloseButton@2x.png */ = {isa = PBXFileReference; lastKnownFileType = image.png; path = "CloseButton@2x.png"; sourceTree = "<group>"; };
		A2C8192E190BD59500B55B01 /* FlashButton-auto@2x.png */ = {isa = PBXFileReference; lastKnownFileType = image.png; path = "FlashButton-auto@2x.png"; sourceTree = "<group>"; };
		A2C8192F190BD59500B55B01 /* FlashButton-off@2x.png */ = {isa = PBXFileReference; lastKnownFileType = image.png; path = "FlashButton-off@2x.png"; sourceTree = "<group>"; };
		A2C81930190BD59500B55B01 /* FlashButton-on@2x.png */ = {isa = PBXFileReference; lastKnownFileType = image.png; path = "FlashButton-on@2x.png"; sourceTree = "<group>"; };
		A2D729711911A81D00E8289A /* Bg@2x.png */ = {isa = PBXFileReference; lastKnownFileType = image.png; path = "Bg@2x.png"; sourceTree = "<group>"; };
		A2D729731911A8E600E8289A /* Book@2x.png */ = {isa = PBXFileReference; lastKnownFileType = image.png; path = "Book@2x.png"; sourceTree = "<group>"; };
		A2E1A60F18CA679D00CD1E28 /* IRBookDetails.h */ = {isa = PBXFileReference; fileEncoding = 4; lastKnownFileType = sourcecode.c.h; path = IRBookDetails.h; sourceTree = "<group>"; };
		A2E1A61018CA679D00CD1E28 /* IRBookDetails.m */ = {isa = PBXFileReference; fileEncoding = 4; lastKnownFileType = sourcecode.c.objc; path = IRBookDetails.m; sourceTree = "<group>"; };
		A2E1A61218CA67A600CD1E28 /* IRBookReview.h */ = {isa = PBXFileReference; fileEncoding = 4; lastKnownFileType = sourcecode.c.h; path = IRBookReview.h; sourceTree = "<group>"; };
		A2E1A61318CA67A600CD1E28 /* IRBookReview.m */ = {isa = PBXFileReference; fileEncoding = 4; lastKnownFileType = sourcecode.c.objc; path = IRBookReview.m; sourceTree = "<group>"; };
		A2E1A61518CA6E3400CD1E28 /* IRReviewsFetcher.h */ = {isa = PBXFileReference; fileEncoding = 4; lastKnownFileType = sourcecode.c.h; path = IRReviewsFetcher.h; sourceTree = "<group>"; };
		A2E1A61618CA6E3400CD1E28 /* IRReviewsFetcher.m */ = {isa = PBXFileReference; fileEncoding = 4; lastKnownFileType = sourcecode.c.objc; path = IRReviewsFetcher.m; sourceTree = "<group>"; };
		A2E1A61E18CA780A00CD1E28 /* IRChoosingBookViewController.h */ = {isa = PBXFileReference; fileEncoding = 4; lastKnownFileType = sourcecode.c.h; path = IRChoosingBookViewController.h; sourceTree = "<group>"; };
		A2E1A61F18CA780A00CD1E28 /* IRChoosingBookViewController.m */ = {isa = PBXFileReference; fileEncoding = 4; lastKnownFileType = sourcecode.c.objc; path = IRChoosingBookViewController.m; sourceTree = "<group>"; };
		A2E1A62118CA7EE300CD1E28 /* IRBooksContainerDelegate.h */ = {isa = PBXFileReference; lastKnownFileType = sourcecode.c.h; path = IRBooksContainerDelegate.h; sourceTree = "<group>"; };
		A2E45F3D18E36C2800A41CA7 /* AVFoundation.framework */ = {isa = PBXFileReference; lastKnownFileType = wrapper.framework; name = AVFoundation.framework; path = System/Library/Frameworks/AVFoundation.framework; sourceTree = SDKROOT; };
		A2F511C918E6290A001C6209 /* IRRecognitionResponse.h */ = {isa = PBXFileReference; fileEncoding = 4; lastKnownFileType = sourcecode.c.h; path = IRRecognitionResponse.h; sourceTree = "<group>"; };
		A2F511CA18E6290A001C6209 /* IRRecognitionResponse.m */ = {isa = PBXFileReference; fileEncoding = 4; lastKnownFileType = sourcecode.c.objc; path = IRRecognitionResponse.m; sourceTree = "<group>"; };
		A2FB70EF190B0561007D8811 /* BlurryModalSegue.h */ = {isa = PBXFileReference; fileEncoding = 4; lastKnownFileType = sourcecode.c.h; path = BlurryModalSegue.h; sourceTree = "<group>"; };
		A2FB70F0190B0561007D8811 /* BlurryModalSegue.m */ = {isa = PBXFileReference; fileEncoding = 4; lastKnownFileType = sourcecode.c.objc; path = BlurryModalSegue.m; sourceTree = "<group>"; };
		A2FB70F4190B060F007D8811 /* UIImage+ImageEffects.h */ = {isa = PBXFileReference; fileEncoding = 4; lastKnownFileType = sourcecode.c.h; path = "UIImage+ImageEffects.h"; sourceTree = "<group>"; };
		A2FB70F5190B060F007D8811 /* UIImage+ImageEffects.m */ = {isa = PBXFileReference; fileEncoding = 4; lastKnownFileType = sourcecode.c.objc; path = "UIImage+ImageEffects.m"; sourceTree = "<group>"; };
/* End PBXFileReference section */

/* Begin PBXFrameworksBuildPhase section */
		A276A86518C3D5FF006865F2 /* Frameworks */ = {
			isa = PBXFrameworksBuildPhase;
			buildActionMask = 2147483647;
			files = (
				A2218312190116B800A73F2C /* opencv2.framework in Frameworks */,
				A275AB4018E4D8E600E2BCC4 /* CoreMotion.framework in Frameworks */,
				A2B06FF318D8A38D0004ACE1 /* CoreImage.framework in Frameworks */,
				A276A8A918C3E090006865F2 /* MobileCoreServices.framework in Frameworks */,
				A276A86E18C3D5FF006865F2 /* CoreGraphics.framework in Frameworks */,
				A276A87018C3D5FF006865F2 /* UIKit.framework in Frameworks */,
				A276A86C18C3D5FF006865F2 /* Foundation.framework in Frameworks */,
			);
			runOnlyForDeploymentPostprocessing = 0;
		};
		A276A88618C3D5FF006865F2 /* Frameworks */ = {
			isa = PBXFrameworksBuildPhase;
			buildActionMask = 2147483647;
			files = (
				A276A88B18C3D5FF006865F2 /* XCTest.framework in Frameworks */,
				A276A88D18C3D5FF006865F2 /* UIKit.framework in Frameworks */,
				A276A88C18C3D5FF006865F2 /* Foundation.framework in Frameworks */,
			);
			runOnlyForDeploymentPostprocessing = 0;
		};
/* End PBXFrameworksBuildPhase section */

/* Begin PBXGroup section */
		A212878218FDD2170001473B /* ImageProcessing */ = {
			isa = PBXGroup;
			children = (
				A212878618FDD2840001473B /* IRPhotoPreparer.h */,
				A212878718FDD2840001473B /* IRPhotoPreparer.m */,
			);
			name = ImageProcessing;
			sourceTree = "<group>";
		};
		A25C8F2D1912F4E9006FD81C /* UIView+ */ = {
			isa = PBXGroup;
			children = (
				A25C8F2E1912F50C006FD81C /* UIView+Screenshot.h */,
				A25C8F2F1912F50C006FD81C /* UIView+Screenshot.m */,
			);
			name = "UIView+";
			sourceTree = "<group>";
		};
		A26836DD191D80A400B626BC /* Thumb */ = {
			isa = PBXGroup;
			children = (
				A26836E0191D841600B626BC /* Good@2x.png */,
				A26836E1191D841600B626BC /* Bad@2x.png */,
				A26836D7191D80A200B626BC /* Awful@2x.png */,
			);
			name = Thumb;
			sourceTree = "<group>";
		};
		A276A85F18C3D5FE006865F2 = {
			isa = PBXGroup;
			children = (
				A276A87118C3D5FF006865F2 /* InstaReview */,
				A276A89018C3D5FF006865F2 /* InstaReviewTests */,
				A276A86A18C3D5FF006865F2 /* Frameworks */,
				A276A86918C3D5FF006865F2 /* Products */,
			);
			sourceTree = "<group>";
		};
		A276A86918C3D5FF006865F2 /* Products */ = {
			isa = PBXGroup;
			children = (
				A276A86818C3D5FF006865F2 /* InstaReview.app */,
				A276A88918C3D5FF006865F2 /* InstaReviewTests.xctest */,
			);
			name = Products;
			sourceTree = "<group>";
		};
		A276A86A18C3D5FF006865F2 /* Frameworks */ = {
			isa = PBXGroup;
			children = (
				A212878018FDD20B0001473B /* opencv2.framework */,
				A275AB3F18E4D8E600E2BCC4 /* CoreMotion.framework */,
				A2E45F3D18E36C2800A41CA7 /* AVFoundation.framework */,
				A2B06FF218D8A38D0004ACE1 /* CoreImage.framework */,
				A276A8A818C3E090006865F2 /* MobileCoreServices.framework */,
				A276A86B18C3D5FF006865F2 /* Foundation.framework */,
				A276A86D18C3D5FF006865F2 /* CoreGraphics.framework */,
				A276A86F18C3D5FF006865F2 /* UIKit.framework */,
				A276A88A18C3D5FF006865F2 /* XCTest.framework */,
			);
			name = Frameworks;
			sourceTree = "<group>";
		};
		A276A87118C3D5FF006865F2 /* InstaReview */ = {
			isa = PBXGroup;
			children = (
				A276A87D18C3D5FF006865F2 /* Main.storyboard */,
				A276A8A518C3D720006865F2 /* View */,
				A276A8A418C3D718006865F2 /* ViewController */,
				A276A8A218C3D706006865F2 /* Model */,
				A276A8A318C3D710006865F2 /* API */,
				A276A8A018C3D6F0006865F2 /* Resources */,
				A276A87218C3D5FF006865F2 /* Supporting Files */,
			);
			path = InstaReview;
			sourceTree = "<group>";
		};
		A276A87218C3D5FF006865F2 /* Supporting Files */ = {
			isa = PBXGroup;
			children = (
				A276A87A18C3D5FF006865F2 /* IRAppDelegate.h */,
				A276A87B18C3D5FF006865F2 /* IRAppDelegate.m */,
				A276A87318C3D5FF006865F2 /* InstaReview-Info.plist */,
				A276A87718C3D5FF006865F2 /* main.m */,
				A276A87918C3D5FF006865F2 /* InstaReview-Prefix.pch */,
			);
			name = "Supporting Files";
			sourceTree = "<group>";
		};
		A276A89018C3D5FF006865F2 /* InstaReviewTests */ = {
			isa = PBXGroup;
			children = (
				A276A89618C3D5FF006865F2 /* InstaReviewTests.m */,
				A276A89118C3D5FF006865F2 /* Supporting Files */,
			);
			path = InstaReviewTests;
			sourceTree = "<group>";
		};
		A276A89118C3D5FF006865F2 /* Supporting Files */ = {
			isa = PBXGroup;
			children = (
				A276A89218C3D5FF006865F2 /* InstaReviewTests-Info.plist */,
			);
			name = "Supporting Files";
			sourceTree = "<group>";
		};
		A276A8A018C3D6F0006865F2 /* Resources */ = {
			isa = PBXGroup;
			children = (
				A2683703191D956600B626BC /* Localizable.strings */,
				A2EBCA2D19070D510048EA40 /* MainScreen */,
				A2C8192C190BD58000B55B01 /* CameraView */,
				A2EBCA3A19070D600048EA40 /* ReviewsScreen */,
				A27FF67519158DAF003C7E2F /* OopsView */,
				A2A91739191B0C0E00BB88CE /* blankCover.png */,
				A246FD981915784A00CD6B57 /* gradient_orange@2x.png */,
				A276A88318C3D5FF006865F2 /* Images.xcassets */,
			);
			name = Resources;
			sourceTree = "<group>";
		};
		A276A8A218C3D706006865F2 /* Model */ = {
			isa = PBXGroup;
			children = (
				A2E1A60F18CA679D00CD1E28 /* IRBookDetails.h */,
				A2E1A61018CA679D00CD1E28 /* IRBookDetails.m */,
				A2E1A61218CA67A600CD1E28 /* IRBookReview.h */,
				A2E1A61318CA67A600CD1E28 /* IRBookReview.m */,
			);
			name = Model;
			sourceTree = "<group>";
		};
		A276A8A318C3D710006865F2 /* API */ = {
			isa = PBXGroup;
			children = (
				A212878218FDD2170001473B /* ImageProcessing */,
				A23BE78918C3FB5100FD461D /* IRReviewsAPI.h */,
				A23BE78A18C3FB5100FD461D /* IRReviewsAPI.m */,
				A2F511C918E6290A001C6209 /* IRRecognitionResponse.h */,
				A2F511CA18E6290A001C6209 /* IRRecognitionResponse.m */,
				A2E1A61518CA6E3400CD1E28 /* IRReviewsFetcher.h */,
				A2E1A61618CA6E3400CD1E28 /* IRReviewsFetcher.m */,
				A276A8AA18C3EDB0006865F2 /* IRHTTPClient.h */,
				A276A8AB18C3EDB0006865F2 /* IRHTTPClient.m */,
				A2C7CAF21900817100DCCF1E /* IRPersistencyManager.h */,
				A2C7CAF31900817100DCCF1E /* IRPersistencyManager.m */,
				A28E87C3191DA17500C162AB /* IRAppRatingController.h */,
				A28E87C4191DA17500C162AB /* IRAppRatingController.m */,
			);
			name = API;
			sourceTree = "<group>";
		};
		A276A8A418C3D718006865F2 /* ViewController */ = {
			isa = PBXGroup;
			children = (
				A276A88018C3D5FF006865F2 /* IRMainViewController.h */,
				A276A88118C3D5FF006865F2 /* IRMainViewController.m */,
				A2E1A61E18CA780A00CD1E28 /* IRChoosingBookViewController.h */,
				A2E1A61F18CA780A00CD1E28 /* IRChoosingBookViewController.m */,
				A255B8C018CB1ABB00EEC446 /* IRBookDetailsViewController.h */,
				A255B8C118CB1ABB00EEC446 /* IRBookDetailsViewController.m */,
				A22B20EE191EE7FA00B13C9B /* IRMoreInfoTableViewController.h */,
				A22B20EF191EE7FA00B13C9B /* IRMoreInfoTableViewController.m */,
				A2E1A62118CA7EE300CD1E28 /* IRBooksContainerDelegate.h */,
				A2C7CAEF190071F700DCCF1E /* IROopsViewController.h */,
				A2C7CAF0190071F700DCCF1E /* IROopsViewController.m */,
			);
			name = ViewController;
			sourceTree = "<group>";
		};
		A276A8A518C3D720006865F2 /* View */ = {
			isa = PBXGroup;
			children = (
				A2C81937190BD5B900B55B01 /* ImagePickerOverlayView */,
				A2AAA2F219139D24006E8034 /* BusyView */,
				A2FB70EE190B0561007D8811 /* BlurryModalSegue */,
				A2B310A918CA628000868DEA /* UIImage+ */,
				A25C8F2D1912F4E9006FD81C /* UIView+ */,
				A2F511C518E5A9FE001C6209 /* IRViewFinder */,
			);
			name = View;
			sourceTree = "<group>";
		};
		A27FF67519158DAF003C7E2F /* OopsView */ = {
			isa = PBXGroup;
			children = (
				A27FF67619158DC2003C7E2F /* SadSmile@2x.png */,
				A26836EE191D91E400B626BC /* TryAgainButton@2x.png */,
			);
			name = OopsView;
			sourceTree = "<group>";
		};
		A2AAA2F219139D24006E8034 /* BusyView */ = {
			isa = PBXGroup;
			children = (
				A2AAA2F319139D56006E8034 /* IRBusyView.h */,
				A2AAA2F419139D56006E8034 /* IRBusyView.m */,
				A2AAA2F619139DE4006E8034 /* IRBusyViewLayer.h */,
				A2AAA2F719139DE4006E8034 /* IRBusyViewLayer.m */,
			);
			name = BusyView;
			sourceTree = "<group>";
		};
		A2B310A918CA628000868DEA /* UIImage+ */ = {
			isa = PBXGroup;
			children = (
				A2B310A618CA60FF00868DEA /* UIImage+Resize.h */,
				A2B310A718CA60FF00868DEA /* UIImage+Resize.m */,
				A2B06FF518D8A3BA0004ACE1 /* UIImage+Filters.h */,
				A2B06FF618D8A3BA0004ACE1 /* UIImage+Filters.m */,
				A2364A441901D73400BFFC63 /* UIImage+WhiteColorTransparent.h */,
				A2364A451901D73400BFFC63 /* UIImage+WhiteColorTransparent.m */,
				A2A9173B191B159B00BB88CE /* UIImage+DrawImage.m */,
				A2A9173C191B159B00BB88CE /* UIImage+DrawImage.h */,
				A2A9172E191AF14600BB88CE /* UIImage+MaskImage.h */,
				A2A9172F191AF14600BB88CE /* UIImage+MaskImage.m */,
			);
			name = "UIImage+";
			sourceTree = "<group>";
		};
		A2C8192C190BD58000B55B01 /* CameraView */ = {
			isa = PBXGroup;
			children = (
				A2877352190C33A100839F75 /* TakeButton@2x.png */,
				A2C8192D190BD59500B55B01 /* CloseButton@2x.png */,
				A2C8192E190BD59500B55B01 /* FlashButton-auto@2x.png */,
				A2C8192F190BD59500B55B01 /* FlashButton-off@2x.png */,
				A2C81930190BD59500B55B01 /* FlashButton-on@2x.png */,
				A2223E72192A97FC0032BE00 /* BookFocus@2x.png */,
			);
			name = CameraView;
			sourceTree = "<group>";
		};
		A2C81937190BD5B900B55B01 /* ImagePickerOverlayView */ = {
			isa = PBXGroup;
			children = (
				A28E87BE191D9B1A00C162AB /* IRCameraOverlayViewController.xib */,
				A2C011D8190BFFF100262C83 /* IRCameraOverlayViewController.h */,
				A2C011D9190BFFF100262C83 /* IRCameraOverlayViewController.m */,
			);
			name = ImagePickerOverlayView;
			sourceTree = "<group>";
		};
		A2EBCA2D19070D510048EA40 /* MainScreen */ = {
			isa = PBXGroup;
			children = (
				A2D729731911A8E600E8289A /* Book@2x.png */,
				A2D729711911A81D00E8289A /* Bg@2x.png */,
				A26836EB191D91C200B626BC /* SnapButton@2x.png */,
				A285C7B3190A9B7700F1E5AD /* History@2x.png */,
				A285C7B5190A9B7700F1E5AD /* Title@2x.png */,
			);
			name = MainScreen;
			sourceTree = "<group>";
		};
		A2EBCA3A19070D600048EA40 /* ReviewsScreen */ = {
			isa = PBXGroup;
			children = (
				A26836DD191D80A400B626BC /* Thumb */,
				A2A91721191ADDE700BB88CE /* BlurBgOverlay@2x.png */,
				A2A91723191ADDF100BB88CE /* BookBgCircle@2x.png */,
				A2706391191BAA9C00ED7114 /* RatingCell@2x.png */,
				A270638F191BA80A00ED7114 /* Stars@2x.png */,
			);
			name = ReviewsScreen;
			sourceTree = "<group>";
		};
		A2F511C518E5A9FE001C6209 /* IRViewFinder */ = {
			isa = PBXGroup;
			children = (
				A275AB3C18E4D24800E2BCC4 /* IRViewFinderView.h */,
				A275AB3D18E4D24800E2BCC4 /* IRViewFinderView.m */,
				A275AB4418E4E62800E2BCC4 /* IRViewFinderLayer.h */,
				A275AB4518E4E62800E2BCC4 /* IRViewFinderLayer.m */,
			);
			name = IRViewFinder;
			sourceTree = "<group>";
		};
		A2FB70EE190B0561007D8811 /* BlurryModalSegue */ = {
			isa = PBXGroup;
			children = (
				A2FB70EF190B0561007D8811 /* BlurryModalSegue.h */,
				A2FB70F0190B0561007D8811 /* BlurryModalSegue.m */,
				A2FB70F4190B060F007D8811 /* UIImage+ImageEffects.h */,
				A2FB70F5190B060F007D8811 /* UIImage+ImageEffects.m */,
				A24E1E6F190B980A00F905C3 /* MZAppearance.h */,
				A24E1E70190B980A00F905C3 /* MZAppearance.m */,
				A24E1E71190B980A00F905C3 /* NSInvocation+Copy.h */,
				A24E1E72190B980A00F905C3 /* NSInvocation+Copy.m */,
			);
			path = BlurryModalSegue;
			sourceTree = "<group>";
		};
/* End PBXGroup section */

/* Begin PBXNativeTarget section */
		A276A86718C3D5FF006865F2 /* InstaReview */ = {
			isa = PBXNativeTarget;
			buildConfigurationList = A276A89A18C3D5FF006865F2 /* Build configuration list for PBXNativeTarget "InstaReview" */;
			buildPhases = (
				A276A86418C3D5FF006865F2 /* Sources */,
				A276A86518C3D5FF006865F2 /* Frameworks */,
				A276A86618C3D5FF006865F2 /* Resources */,
			);
			buildRules = (
			);
			dependencies = (
			);
			name = InstaReview;
			productName = InstaReview;
			productReference = A276A86818C3D5FF006865F2 /* InstaReview.app */;
			productType = "com.apple.product-type.application";
		};
		A276A88818C3D5FF006865F2 /* InstaReviewTests */ = {
			isa = PBXNativeTarget;
			buildConfigurationList = A276A89D18C3D5FF006865F2 /* Build configuration list for PBXNativeTarget "InstaReviewTests" */;
			buildPhases = (
				A276A88518C3D5FF006865F2 /* Sources */,
				A276A88618C3D5FF006865F2 /* Frameworks */,
				A276A88718C3D5FF006865F2 /* Resources */,
			);
			buildRules = (
			);
			dependencies = (
				A276A88F18C3D5FF006865F2 /* PBXTargetDependency */,
			);
			name = InstaReviewTests;
			productName = InstaReviewTests;
			productReference = A276A88918C3D5FF006865F2 /* InstaReviewTests.xctest */;
			productType = "com.apple.product-type.bundle.unit-test";
		};
/* End PBXNativeTarget section */

/* Begin PBXProject section */
		A276A86018C3D5FE006865F2 /* Project object */ = {
			isa = PBXProject;
			attributes = {
				CLASSPREFIX = IR;
				LastUpgradeCheck = 0510;
				ORGANIZATIONNAME = "Max Medvedev";
				TargetAttributes = {
					A276A86718C3D5FF006865F2 = {
						DevelopmentTeam = WAZ4HJ5VNJ;
					};
					A276A88818C3D5FF006865F2 = {
						TestTargetID = A276A86718C3D5FF006865F2;
					};
				};
			};
			buildConfigurationList = A276A86318C3D5FE006865F2 /* Build configuration list for PBXProject "InstaReview" */;
			compatibilityVersion = "Xcode 3.2";
			developmentRegion = English;
			hasScannedForEncodings = 0;
			knownRegions = (
				en,
				Base,
				ru,
			);
			mainGroup = A276A85F18C3D5FE006865F2;
			productRefGroup = A276A86918C3D5FF006865F2 /* Products */;
			projectDirPath = "";
			projectRoot = "";
			targets = (
				A276A86718C3D5FF006865F2 /* InstaReview */,
				A276A88818C3D5FF006865F2 /* InstaReviewTests */,
			);
		};
/* End PBXProject section */

/* Begin PBXResourcesBuildPhase section */
		A276A86618C3D5FF006865F2 /* Resources */ = {
			isa = PBXResourcesBuildPhase;
			buildActionMask = 2147483647;
			files = (
				A2C81933190BD59500B55B01 /* FlashButton-auto@2x.png in Resources */,
				A276A88418C3D5FF006865F2 /* Images.xcassets in Resources */,
				A2C81935190BD59500B55B01 /* FlashButton-on@2x.png in Resources */,
				A2C81934190BD59500B55B01 /* FlashButton-off@2x.png in Resources */,
				A28E87BC191D9B1A00C162AB /* IRCameraOverlayViewController.xib in Resources */,
				A26836DA191D80A200B626BC /* Awful@2x.png in Resources */,
				A26836E9191D91C200B626BC /* SnapButton@2x.png in Resources */,
				A2C81932190BD59500B55B01 /* CloseButton@2x.png in Resources */,
				A285C7B7190A9B7700F1E5AD /* History@2x.png in Resources */,
				A26836EC191D91E400B626BC /* TryAgainButton@2x.png in Resources */,
				A27FF67819158DC2003C7E2F /* SadSmile@2x.png in Resources */,
				A2683701191D956600B626BC /* Localizable.strings in Resources */,
				A246FD991915784A00CD6B57 /* gradient_orange@2x.png in Resources */,
				A2706392191BAA9C00ED7114 /* RatingCell@2x.png in Resources */,
				A2223E73192A97FC0032BE00 /* BookFocus@2x.png in Resources */,
				A2A9173A191B0C0E00BB88CE /* blankCover.png in Resources */,
				A2A91722191ADDE700BB88CE /* BlurBgOverlay@2x.png in Resources */,
				A285C7B9190A9B7700F1E5AD /* Title@2x.png in Resources */,
				A26836E2191D841600B626BC /* Good@2x.png in Resources */,
				A2D729741911A8E600E8289A /* Book@2x.png in Resources */,
				A2877353190C33A100839F75 /* TakeButton@2x.png in Resources */,
				A2A91724191ADDF100BB88CE /* BookBgCircle@2x.png in Resources */,
				A2706390191BA80A00ED7114 /* Stars@2x.png in Resources */,
				A276A87F18C3D5FF006865F2 /* Main.storyboard in Resources */,
				A26836E3191D841600B626BC /* Bad@2x.png in Resources */,
				A2D729721911A81D00E8289A /* Bg@2x.png in Resources */,
			);
			runOnlyForDeploymentPostprocessing = 0;
		};
		A276A88718C3D5FF006865F2 /* Resources */ = {
			isa = PBXResourcesBuildPhase;
			buildActionMask = 2147483647;
			files = (
			);
			runOnlyForDeploymentPostprocessing = 0;
		};
/* End PBXResourcesBuildPhase section */

/* Begin PBXSourcesBuildPhase section */
		A276A86418C3D5FF006865F2 /* Sources */ = {
			isa = PBXSourcesBuildPhase;
			buildActionMask = 2147483647;
			files = (
				A2B06FF718D8A3BA0004ACE1 /* UIImage+Filters.m in Sources */,
				A2FB70F1190B0561007D8811 /* BlurryModalSegue.m in Sources */,
				A276A87818C3D5FF006865F2 /* main.m in Sources */,
				A2364A461901D73400BFFC63 /* UIImage+WhiteColorTransparent.m in Sources */,
				A2A9173D191B159B00BB88CE /* UIImage+DrawImage.m in Sources */,
				A275AB4618E4E62800E2BCC4 /* IRViewFinderLayer.m in Sources */,
				A2C7CAF41900817100DCCF1E /* IRPersistencyManager.m in Sources */,
				A25C8F301912F50C006FD81C /* UIView+Screenshot.m in Sources */,
				A2FB70F7190B060F007D8811 /* UIImage+ImageEffects.m in Sources */,
				A28E87C5191DA17500C162AB /* IRAppRatingController.m in Sources */,
				A2E1A61418CA67A600CD1E28 /* IRBookReview.m in Sources */,
				A2B310A818CA60FF00868DEA /* UIImage+Resize.m in Sources */,
				A275AB3E18E4D24800E2BCC4 /* IRViewFinderView.m in Sources */,
				A2AAA2F519139D56006E8034 /* IRBusyView.m in Sources */,
				A255B8C218CB1ABB00EEC446 /* IRBookDetailsViewController.m in Sources */,
				A2AAA2F819139DE4006E8034 /* IRBusyViewLayer.m in Sources */,
				A24E1E73190B980A00F905C3 /* MZAppearance.m in Sources */,
				A2C011DB190BFFF100262C83 /* IRCameraOverlayViewController.m in Sources */,
				A2E1A61118CA679D00CD1E28 /* IRBookDetails.m in Sources */,
				A24E1E74190B980A00F905C3 /* NSInvocation+Copy.m in Sources */,
				A276A87C18C3D5FF006865F2 /* IRAppDelegate.m in Sources */,
				A2F511CB18E6290A001C6209 /* IRRecognitionResponse.m in Sources */,
				A2E1A61718CA6E3400CD1E28 /* IRReviewsFetcher.m in Sources */,
				A276A88218C3D5FF006865F2 /* IRMainViewController.m in Sources */,
				A276A8AC18C3EDB0006865F2 /* IRHTTPClient.m in Sources */,
				A2E1A62018CA780A00CD1E28 /* IRChoosingBookViewController.m in Sources */,
				A2C7CAF1190071F700DCCF1E /* IROopsViewController.m in Sources */,
				A22B20F0191EE7FA00B13C9B /* IRMoreInfoTableViewController.m in Sources */,
				A23BE78B18C3FB5100FD461D /* IRReviewsAPI.m in Sources */,
				A2A91730191AF14600BB88CE /* UIImage+MaskImage.m in Sources */,
				A212878818FDD2840001473B /* IRPhotoPreparer.m in Sources */,
			);
			runOnlyForDeploymentPostprocessing = 0;
		};
		A276A88518C3D5FF006865F2 /* Sources */ = {
			isa = PBXSourcesBuildPhase;
			buildActionMask = 2147483647;
			files = (
				A276A89718C3D5FF006865F2 /* InstaReviewTests.m in Sources */,
			);
			runOnlyForDeploymentPostprocessing = 0;
		};
/* End PBXSourcesBuildPhase section */

/* Begin PBXTargetDependency section */
		A276A88F18C3D5FF006865F2 /* PBXTargetDependency */ = {
			isa = PBXTargetDependency;
			target = A276A86718C3D5FF006865F2 /* InstaReview */;
			targetProxy = A276A88E18C3D5FF006865F2 /* PBXContainerItemProxy */;
		};
/* End PBXTargetDependency section */

/* Begin PBXVariantGroup section */
		A26836EB191D91C200B626BC /* SnapButton@2x.png */ = {
			isa = PBXVariantGroup;
			children = (
				A268371A191D992100B626BC /* ru */,
				A268371B191D99C300B626BC /* en */,
				A28E87BB191D9A7800C162AB /* Base */,
			);
			name = "SnapButton@2x.png";
			sourceTree = "<group>";
		};
		A26836EE191D91E400B626BC /* TryAgainButton@2x.png */ = {
			isa = PBXVariantGroup;
			children = (
				A26836ED191D91E400B626BC /* ru */,
				A26836F1191D924300B626BC /* en */,
				A2683706191D959E00B626BC /* Base */,
			);
			name = "TryAgainButton@2x.png";
			sourceTree = "<group>";
		};
		A2683703191D956600B626BC /* Localizable.strings */ = {
			isa = PBXVariantGroup;
			children = (
				A2683702191D956600B626BC /* Base */,
				A2683704191D956900B626BC /* en */,
				A2683705191D956B00B626BC /* ru */,
			);
			name = Localizable.strings;
			sourceTree = "<group>";
		};
		A276A87D18C3D5FF006865F2 /* Main.storyboard */ = {
			isa = PBXVariantGroup;
			children = (
				A276A87E18C3D5FF006865F2 /* Base */,
				A26836E4191D8AC300B626BC /* en */,
				A26836E5191D8EBF00B626BC /* ru */,
			);
			name = Main.storyboard;
			sourceTree = "<group>";
		};
		A28E87BE191D9B1A00C162AB /* IRCameraOverlayViewController.xib */ = {
			isa = PBXVariantGroup;
			children = (
				A28E87BD191D9B1A00C162AB /* Base */,
				A28E87C0191D9B1F00C162AB /* en */,
				A28E87C2191D9B2200C162AB /* ru */,
			);
			name = IRCameraOverlayViewController.xib;
			sourceTree = "<group>";
		};
/* End PBXVariantGroup section */

/* Begin XCBuildConfiguration section */
		A276A89818C3D5FF006865F2 /* Debug */ = {
			isa = XCBuildConfiguration;
			buildSettings = {
				ALWAYS_SEARCH_USER_PATHS = NO;
				CLANG_CXX_LANGUAGE_STANDARD = "gnu++0x";
				CLANG_CXX_LIBRARY = "libc++";
				CLANG_ENABLE_MODULES = YES;
				CLANG_ENABLE_OBJC_ARC = YES;
				CLANG_WARN_BOOL_CONVERSION = YES;
				CLANG_WARN_CONSTANT_CONVERSION = YES;
				CLANG_WARN_DIRECT_OBJC_ISA_USAGE = YES_ERROR;
				CLANG_WARN_EMPTY_BODY = YES;
				CLANG_WARN_ENUM_CONVERSION = YES;
				CLANG_WARN_INT_CONVERSION = YES;
				CLANG_WARN_OBJC_ROOT_CLASS = YES_ERROR;
				CLANG_WARN__DUPLICATE_METHOD_MATCH = YES;
				"CODE_SIGN_IDENTITY[sdk=iphoneos*]" = "iPhone Developer";
				COPY_PHASE_STRIP = NO;
				GCC_C_LANGUAGE_STANDARD = gnu99;
				GCC_DYNAMIC_NO_PIC = NO;
				GCC_OPTIMIZATION_LEVEL = 0;
				GCC_PREPROCESSOR_DEFINITIONS = (
					"DEBUG=1",
					"$(inherited)",
				);
				GCC_SYMBOLS_PRIVATE_EXTERN = NO;
				GCC_WARN_64_TO_32_BIT_CONVERSION = YES;
				GCC_WARN_ABOUT_RETURN_TYPE = YES_ERROR;
				GCC_WARN_UNDECLARED_SELECTOR = YES;
				GCC_WARN_UNINITIALIZED_AUTOS = YES;
				GCC_WARN_UNUSED_FUNCTION = YES;
				GCC_WARN_UNUSED_VARIABLE = YES;
				INFOPLIST_FILE = InfoPlist.strings;
				IPHONEOS_DEPLOYMENT_TARGET = 7.0;
				ONLY_ACTIVE_ARCH = YES;
				SDKROOT = iphoneos;
			};
			name = Debug;
		};
		A276A89918C3D5FF006865F2 /* Release */ = {
			isa = XCBuildConfiguration;
			buildSettings = {
				ALWAYS_SEARCH_USER_PATHS = NO;
				CLANG_CXX_LANGUAGE_STANDARD = "gnu++0x";
				CLANG_CXX_LIBRARY = "libc++";
				CLANG_ENABLE_MODULES = YES;
				CLANG_ENABLE_OBJC_ARC = YES;
				CLANG_WARN_BOOL_CONVERSION = YES;
				CLANG_WARN_CONSTANT_CONVERSION = YES;
				CLANG_WARN_DIRECT_OBJC_ISA_USAGE = YES_ERROR;
				CLANG_WARN_EMPTY_BODY = YES;
				CLANG_WARN_ENUM_CONVERSION = YES;
				CLANG_WARN_INT_CONVERSION = YES;
				CLANG_WARN_OBJC_ROOT_CLASS = YES_ERROR;
				CLANG_WARN__DUPLICATE_METHOD_MATCH = YES;
				"CODE_SIGN_IDENTITY[sdk=iphoneos*]" = "iPhone Developer";
				COPY_PHASE_STRIP = YES;
				ENABLE_NS_ASSERTIONS = NO;
				GCC_C_LANGUAGE_STANDARD = gnu99;
				GCC_WARN_64_TO_32_BIT_CONVERSION = YES;
				GCC_WARN_ABOUT_RETURN_TYPE = YES_ERROR;
				GCC_WARN_UNDECLARED_SELECTOR = YES;
				GCC_WARN_UNINITIALIZED_AUTOS = YES;
				GCC_WARN_UNUSED_FUNCTION = YES;
				GCC_WARN_UNUSED_VARIABLE = YES;
				INFOPLIST_FILE = InfoPlist.strings;
				IPHONEOS_DEPLOYMENT_TARGET = 7.0;
				SDKROOT = iphoneos;
				VALIDATE_PRODUCT = YES;
			};
			name = Release;
		};
		A276A89B18C3D5FF006865F2 /* Debug */ = {
			isa = XCBuildConfiguration;
			buildSettings = {
				ASSETCATALOG_COMPILER_APPICON_NAME = AppIcon;
				ASSETCATALOG_COMPILER_LAUNCHIMAGE_NAME = LaunchImage;
				CODE_SIGN_IDENTITY = "iPhone Developer";
				"CODE_SIGN_IDENTITY[sdk=iphoneos*]" = "iPhone Developer";
				FRAMEWORK_SEARCH_PATHS = (
					"$(inherited)",
					/Users/maxmedvedev/Documents/Development/XCode,
				);
				GCC_PRECOMPILE_PREFIX_HEADER = YES;
				GCC_PREFIX_HEADER = "InstaReview/InstaReview-Prefix.pch";
				INFOPLIST_FILE = "InstaReview/InstaReview-Info.plist";
				PRODUCT_NAME = "$(TARGET_NAME)";
				PROVISIONING_PROFILE = "";
				WRAPPER_EXTENSION = app;
			};
			name = Debug;
		};
		A276A89C18C3D5FF006865F2 /* Release */ = {
			isa = XCBuildConfiguration;
			buildSettings = {
				ASSETCATALOG_COMPILER_APPICON_NAME = AppIcon;
				ASSETCATALOG_COMPILER_LAUNCHIMAGE_NAME = LaunchImage;
				CODE_SIGN_IDENTITY = "iPhone Developer";
				"CODE_SIGN_IDENTITY[sdk=iphoneos*]" = "iPhone Developer";
				FRAMEWORK_SEARCH_PATHS = (
					"$(inherited)",
					/Users/maxmedvedev/Documents/Development/XCode,
				);
				GCC_PRECOMPILE_PREFIX_HEADER = YES;
				GCC_PREFIX_HEADER = "InstaReview/InstaReview-Prefix.pch";
				INFOPLIST_FILE = "InstaReview/InstaReview-Info.plist";
				PRODUCT_NAME = "$(TARGET_NAME)";
				PROVISIONING_PROFILE = "";
				WRAPPER_EXTENSION = app;
			};
			name = Release;
		};
		A276A89E18C3D5FF006865F2 /* Debug */ = {
			isa = XCBuildConfiguration;
			buildSettings = {
				BUNDLE_LOADER = "$(BUILT_PRODUCTS_DIR)/InstaReview.app/InstaReview";
				FRAMEWORK_SEARCH_PATHS = (
					"$(SDKROOT)/Developer/Library/Frameworks",
					"$(inherited)",
					"$(DEVELOPER_FRAMEWORKS_DIR)",
				);
				GCC_PRECOMPILE_PREFIX_HEADER = YES;
				GCC_PREFIX_HEADER = "InstaReview/InstaReview-Prefix.pch";
				GCC_PREPROCESSOR_DEFINITIONS = (
					"DEBUG=1",
					"$(inherited)",
				);
				INFOPLIST_FILE = "InstaReviewTests/InstaReviewTests-Info.plist";
				PRODUCT_NAME = "$(TARGET_NAME)";
				TEST_HOST = "$(BUNDLE_LOADER)";
				WRAPPER_EXTENSION = xctest;
			};
			name = Debug;
		};
		A276A89F18C3D5FF006865F2 /* Release */ = {
			isa = XCBuildConfiguration;
			buildSettings = {
				BUNDLE_LOADER = "$(BUILT_PRODUCTS_DIR)/InstaReview.app/InstaReview";
				FRAMEWORK_SEARCH_PATHS = (
					"$(SDKROOT)/Developer/Library/Frameworks",
					"$(inherited)",
					"$(DEVELOPER_FRAMEWORKS_DIR)",
				);
				GCC_PRECOMPILE_PREFIX_HEADER = YES;
				GCC_PREFIX_HEADER = "InstaReview/InstaReview-Prefix.pch";
				INFOPLIST_FILE = "InstaReviewTests/InstaReviewTests-Info.plist";
				PRODUCT_NAME = "$(TARGET_NAME)";
				TEST_HOST = "$(BUNDLE_LOADER)";
				WRAPPER_EXTENSION = xctest;
			};
			name = Release;
		};
/* End XCBuildConfiguration section */

/* Begin XCConfigurationList section */
		A276A86318C3D5FE006865F2 /* Build configuration list for PBXProject "InstaReview" */ = {
			isa = XCConfigurationList;
			buildConfigurations = (
				A276A89818C3D5FF006865F2 /* Debug */,
				A276A89918C3D5FF006865F2 /* Release */,
			);
			defaultConfigurationIsVisible = 0;
			defaultConfigurationName = Release;
		};
		A276A89A18C3D5FF006865F2 /* Build configuration list for PBXNativeTarget "InstaReview" */ = {
			isa = XCConfigurationList;
			buildConfigurations = (
				A276A89B18C3D5FF006865F2 /* Debug */,
				A276A89C18C3D5FF006865F2 /* Release */,
			);
			defaultConfigurationIsVisible = 0;
			defaultConfigurationName = Release;
		};
		A276A89D18C3D5FF006865F2 /* Build configuration list for PBXNativeTarget "InstaReviewTests" */ = {
			isa = XCConfigurationList;
			buildConfigurations = (
				A276A89E18C3D5FF006865F2 /* Debug */,
				A276A89F18C3D5FF006865F2 /* Release */,
			);
			defaultConfigurationIsVisible = 0;
			defaultConfigurationName = Release;
		};
/* End XCConfigurationList section */
	};
	rootObject = A276A86018C3D5FE006865F2 /* Project object */;
}
