// !$*UTF8*$!
{
	archiveVersion = 1;
	classes = {
	};
	objectVersion = 46;
	objects = {

/* Begin PBXBuildFile section */
		A21A6CF718CBD12900EA7776 /* blankCover.png in Resources */ = {isa = PBXBuildFile; fileRef = A21A6CF618CBD12900EA7776 /* blankCover.png */; };
		A23BE78B18C3FB5100FD461D /* IRReviewsAPI.m in Sources */ = {isa = PBXBuildFile; fileRef = A23BE78A18C3FB5100FD461D /* IRReviewsAPI.m */; };
		A255B8C218CB1ABB00EEC446 /* IRBookDetailsViewController.m in Sources */ = {isa = PBXBuildFile; fileRef = A255B8C118CB1ABB00EEC446 /* IRBookDetailsViewController.m */; };
		A276A86C18C3D5FF006865F2 /* Foundation.framework in Frameworks */ = {isa = PBXBuildFile; fileRef = A276A86B18C3D5FF006865F2 /* Foundation.framework */; };
		A276A86E18C3D5FF006865F2 /* CoreGraphics.framework in Frameworks */ = {isa = PBXBuildFile; fileRef = A276A86D18C3D5FF006865F2 /* CoreGraphics.framework */; };
		A276A87018C3D5FF006865F2 /* UIKit.framework in Frameworks */ = {isa = PBXBuildFile; fileRef = A276A86F18C3D5FF006865F2 /* UIKit.framework */; };
		A276A87618C3D5FF006865F2 /* InfoPlist.strings in Resources */ = {isa = PBXBuildFile; fileRef = A276A87418C3D5FF006865F2 /* InfoPlist.strings */; };
		A276A87818C3D5FF006865F2 /* main.m in Sources */ = {isa = PBXBuildFile; fileRef = A276A87718C3D5FF006865F2 /* main.m */; };
		A276A87C18C3D5FF006865F2 /* IRAppDelegate.m in Sources */ = {isa = PBXBuildFile; fileRef = A276A87B18C3D5FF006865F2 /* IRAppDelegate.m */; };
		A276A87F18C3D5FF006865F2 /* Main.storyboard in Resources */ = {isa = PBXBuildFile; fileRef = A276A87D18C3D5FF006865F2 /* Main.storyboard */; };
		A276A88218C3D5FF006865F2 /* IRMainViewController.m in Sources */ = {isa = PBXBuildFile; fileRef = A276A88118C3D5FF006865F2 /* IRMainViewController.m */; };
		A276A88418C3D5FF006865F2 /* Images.xcassets in Resources */ = {isa = PBXBuildFile; fileRef = A276A88318C3D5FF006865F2 /* Images.xcassets */; };
		A276A88B18C3D5FF006865F2 /* XCTest.framework in Frameworks */ = {isa = PBXBuildFile; fileRef = A276A88A18C3D5FF006865F2 /* XCTest.framework */; };
		A276A88C18C3D5FF006865F2 /* Foundation.framework in Frameworks */ = {isa = PBXBuildFile; fileRef = A276A86B18C3D5FF006865F2 /* Foundation.framework */; };
		A276A88D18C3D5FF006865F2 /* UIKit.framework in Frameworks */ = {isa = PBXBuildFile; fileRef = A276A86F18C3D5FF006865F2 /* UIKit.framework */; };
		A276A89518C3D5FF006865F2 /* InfoPlist.strings in Resources */ = {isa = PBXBuildFile; fileRef = A276A89318C3D5FF006865F2 /* InfoPlist.strings */; };
		A276A89718C3D5FF006865F2 /* InstaReviewTests.m in Sources */ = {isa = PBXBuildFile; fileRef = A276A89618C3D5FF006865F2 /* InstaReviewTests.m */; };
		A276A8A918C3E090006865F2 /* MobileCoreServices.framework in Frameworks */ = {isa = PBXBuildFile; fileRef = A276A8A818C3E090006865F2 /* MobileCoreServices.framework */; };
		A276A8AC18C3EDB0006865F2 /* IRHTTPClient.m in Sources */ = {isa = PBXBuildFile; fileRef = A276A8AB18C3EDB0006865F2 /* IRHTTPClient.m */; };
		A276A8AF18C3EFC7006865F2 /* MLIMGURUploader.m in Sources */ = {isa = PBXBuildFile; fileRef = A276A8AE18C3EFC7006865F2 /* MLIMGURUploader.m */; };
		A28D73D518CC791E00B2965B /* 5stars-bw@2x.png in Resources */ = {isa = PBXBuildFile; fileRef = A28D73D318CC791E00B2965B /* 5stars-bw@2x.png */; };
		A28D73D618CC791E00B2965B /* 5stars@2x.png in Resources */ = {isa = PBXBuildFile; fileRef = A28D73D418CC791E00B2965B /* 5stars@2x.png */; };
		A2B310A818CA60FF00868DEA /* UIImage+Resize.m in Sources */ = {isa = PBXBuildFile; fileRef = A2B310A718CA60FF00868DEA /* UIImage+Resize.m */; };
		A2E1A61118CA679D00CD1E28 /* IRBookDetails.m in Sources */ = {isa = PBXBuildFile; fileRef = A2E1A61018CA679D00CD1E28 /* IRBookDetails.m */; };
		A2E1A61418CA67A600CD1E28 /* IRBookReview.m in Sources */ = {isa = PBXBuildFile; fileRef = A2E1A61318CA67A600CD1E28 /* IRBookReview.m */; };
		A2E1A61718CA6E3400CD1E28 /* IRReviewsFetcher.m in Sources */ = {isa = PBXBuildFile; fileRef = A2E1A61618CA6E3400CD1E28 /* IRReviewsFetcher.m */; };
		A2E1A62018CA780A00CD1E28 /* IRChoosingBookViewController.m in Sources */ = {isa = PBXBuildFile; fileRef = A2E1A61F18CA780A00CD1E28 /* IRChoosingBookViewController.m */; };
/* End PBXBuildFile section */

/* Begin PBXContainerItemProxy section */
		A276A88E18C3D5FF006865F2 /* PBXContainerItemProxy */ = {
			isa = PBXContainerItemProxy;
			containerPortal = A276A86018C3D5FE006865F2 /* Project object */;
			proxyType = 1;
			remoteGlobalIDString = A276A86718C3D5FF006865F2;
			remoteInfo = InstaReview;
		};
/* End PBXContainerItemProxy section */

/* Begin PBXFileReference section */
		A21A6CF618CBD12900EA7776 /* blankCover.png */ = {isa = PBXFileReference; lastKnownFileType = image.png; path = blankCover.png; sourceTree = "<group>"; };
		A23BE78918C3FB5100FD461D /* IRReviewsAPI.h */ = {isa = PBXFileReference; fileEncoding = 4; lastKnownFileType = sourcecode.c.h; path = IRReviewsAPI.h; sourceTree = "<group>"; };
		A23BE78A18C3FB5100FD461D /* IRReviewsAPI.m */ = {isa = PBXFileReference; fileEncoding = 4; lastKnownFileType = sourcecode.c.objc; path = IRReviewsAPI.m; sourceTree = "<group>"; };
		A255B8C018CB1ABB00EEC446 /* IRBookDetailsViewController.h */ = {isa = PBXFileReference; fileEncoding = 4; lastKnownFileType = sourcecode.c.h; path = IRBookDetailsViewController.h; sourceTree = "<group>"; };
		A255B8C118CB1ABB00EEC446 /* IRBookDetailsViewController.m */ = {isa = PBXFileReference; fileEncoding = 4; lastKnownFileType = sourcecode.c.objc; path = IRBookDetailsViewController.m; sourceTree = "<group>"; };
		A276A86818C3D5FF006865F2 /* InstaReview.app */ = {isa = PBXFileReference; explicitFileType = wrapper.application; includeInIndex = 0; path = InstaReview.app; sourceTree = BUILT_PRODUCTS_DIR; };
		A276A86B18C3D5FF006865F2 /* Foundation.framework */ = {isa = PBXFileReference; lastKnownFileType = wrapper.framework; name = Foundation.framework; path = System/Library/Frameworks/Foundation.framework; sourceTree = SDKROOT; };
		A276A86D18C3D5FF006865F2 /* CoreGraphics.framework */ = {isa = PBXFileReference; lastKnownFileType = wrapper.framework; name = CoreGraphics.framework; path = System/Library/Frameworks/CoreGraphics.framework; sourceTree = SDKROOT; };
		A276A86F18C3D5FF006865F2 /* UIKit.framework */ = {isa = PBXFileReference; lastKnownFileType = wrapper.framework; name = UIKit.framework; path = System/Library/Frameworks/UIKit.framework; sourceTree = SDKROOT; };
		A276A87318C3D5FF006865F2 /* InstaReview-Info.plist */ = {isa = PBXFileReference; lastKnownFileType = text.plist.xml; path = "InstaReview-Info.plist"; sourceTree = "<group>"; };
		A276A87518C3D5FF006865F2 /* en */ = {isa = PBXFileReference; lastKnownFileType = text.plist.strings; name = en; path = en.lproj/InfoPlist.strings; sourceTree = "<group>"; };
		A276A87718C3D5FF006865F2 /* main.m */ = {isa = PBXFileReference; lastKnownFileType = sourcecode.c.objc; path = main.m; sourceTree = "<group>"; };
		A276A87918C3D5FF006865F2 /* InstaReview-Prefix.pch */ = {isa = PBXFileReference; lastKnownFileType = sourcecode.c.h; path = "InstaReview-Prefix.pch"; sourceTree = "<group>"; };
		A276A87A18C3D5FF006865F2 /* IRAppDelegate.h */ = {isa = PBXFileReference; lastKnownFileType = sourcecode.c.h; path = IRAppDelegate.h; sourceTree = "<group>"; };
		A276A87B18C3D5FF006865F2 /* IRAppDelegate.m */ = {isa = PBXFileReference; lastKnownFileType = sourcecode.c.objc; path = IRAppDelegate.m; sourceTree = "<group>"; };
		A276A87E18C3D5FF006865F2 /* Base */ = {isa = PBXFileReference; lastKnownFileType = file.storyboard; name = Base; path = Base.lproj/Main.storyboard; sourceTree = "<group>"; };
		A276A88018C3D5FF006865F2 /* IRMainViewController.h */ = {isa = PBXFileReference; lastKnownFileType = sourcecode.c.h; path = IRMainViewController.h; sourceTree = "<group>"; };
		A276A88118C3D5FF006865F2 /* IRMainViewController.m */ = {isa = PBXFileReference; lastKnownFileType = sourcecode.c.objc; path = IRMainViewController.m; sourceTree = "<group>"; };
		A276A88318C3D5FF006865F2 /* Images.xcassets */ = {isa = PBXFileReference; lastKnownFileType = folder.assetcatalog; path = Images.xcassets; sourceTree = "<group>"; };
		A276A88918C3D5FF006865F2 /* InstaReviewTests.xctest */ = {isa = PBXFileReference; explicitFileType = wrapper.cfbundle; includeInIndex = 0; path = InstaReviewTests.xctest; sourceTree = BUILT_PRODUCTS_DIR; };
		A276A88A18C3D5FF006865F2 /* XCTest.framework */ = {isa = PBXFileReference; lastKnownFileType = wrapper.framework; name = XCTest.framework; path = Library/Frameworks/XCTest.framework; sourceTree = DEVELOPER_DIR; };
		A276A89218C3D5FF006865F2 /* InstaReviewTests-Info.plist */ = {isa = PBXFileReference; lastKnownFileType = text.plist.xml; path = "InstaReviewTests-Info.plist"; sourceTree = "<group>"; };
		A276A89418C3D5FF006865F2 /* en */ = {isa = PBXFileReference; lastKnownFileType = text.plist.strings; name = en; path = en.lproj/InfoPlist.strings; sourceTree = "<group>"; };
		A276A89618C3D5FF006865F2 /* InstaReviewTests.m */ = {isa = PBXFileReference; lastKnownFileType = sourcecode.c.objc; path = InstaReviewTests.m; sourceTree = "<group>"; };
		A276A8A818C3E090006865F2 /* MobileCoreServices.framework */ = {isa = PBXFileReference; lastKnownFileType = wrapper.framework; name = MobileCoreServices.framework; path = System/Library/Frameworks/MobileCoreServices.framework; sourceTree = SDKROOT; };
		A276A8AA18C3EDB0006865F2 /* IRHTTPClient.h */ = {isa = PBXFileReference; fileEncoding = 4; lastKnownFileType = sourcecode.c.h; path = IRHTTPClient.h; sourceTree = "<group>"; };
		A276A8AB18C3EDB0006865F2 /* IRHTTPClient.m */ = {isa = PBXFileReference; fileEncoding = 4; lastKnownFileType = sourcecode.c.objc; path = IRHTTPClient.m; sourceTree = "<group>"; };
		A276A8AD18C3EFC7006865F2 /* MLIMGURUploader.h */ = {isa = PBXFileReference; fileEncoding = 4; lastKnownFileType = sourcecode.c.h; path = MLIMGURUploader.h; sourceTree = "<group>"; };
		A276A8AE18C3EFC7006865F2 /* MLIMGURUploader.m */ = {isa = PBXFileReference; fileEncoding = 4; lastKnownFileType = sourcecode.c.objc; path = MLIMGURUploader.m; sourceTree = "<group>"; };
		A28D73D318CC791E00B2965B /* 5stars-bw@2x.png */ = {isa = PBXFileReference; lastKnownFileType = image.png; path = "5stars-bw@2x.png"; sourceTree = "<group>"; };
		A28D73D418CC791E00B2965B /* 5stars@2x.png */ = {isa = PBXFileReference; lastKnownFileType = image.png; path = "5stars@2x.png"; sourceTree = "<group>"; };
		A2B310A618CA60FF00868DEA /* UIImage+Resize.h */ = {isa = PBXFileReference; fileEncoding = 4; lastKnownFileType = sourcecode.c.h; path = "UIImage+Resize.h"; sourceTree = "<group>"; };
		A2B310A718CA60FF00868DEA /* UIImage+Resize.m */ = {isa = PBXFileReference; fileEncoding = 4; lastKnownFileType = sourcecode.c.objc; path = "UIImage+Resize.m"; sourceTree = "<group>"; };
		A2E1A60F18CA679D00CD1E28 /* IRBookDetails.h */ = {isa = PBXFileReference; fileEncoding = 4; lastKnownFileType = sourcecode.c.h; path = IRBookDetails.h; sourceTree = "<group>"; };
		A2E1A61018CA679D00CD1E28 /* IRBookDetails.m */ = {isa = PBXFileReference; fileEncoding = 4; lastKnownFileType = sourcecode.c.objc; path = IRBookDetails.m; sourceTree = "<group>"; };
		A2E1A61218CA67A600CD1E28 /* IRBookReview.h */ = {isa = PBXFileReference; fileEncoding = 4; lastKnownFileType = sourcecode.c.h; path = IRBookReview.h; sourceTree = "<group>"; };
		A2E1A61318CA67A600CD1E28 /* IRBookReview.m */ = {isa = PBXFileReference; fileEncoding = 4; lastKnownFileType = sourcecode.c.objc; path = IRBookReview.m; sourceTree = "<group>"; };
		A2E1A61518CA6E3400CD1E28 /* IRReviewsFetcher.h */ = {isa = PBXFileReference; fileEncoding = 4; lastKnownFileType = sourcecode.c.h; path = IRReviewsFetcher.h; sourceTree = "<group>"; };
		A2E1A61618CA6E3400CD1E28 /* IRReviewsFetcher.m */ = {isa = PBXFileReference; fileEncoding = 4; lastKnownFileType = sourcecode.c.objc; path = IRReviewsFetcher.m; sourceTree = "<group>"; };
		A2E1A61E18CA780A00CD1E28 /* IRChoosingBookViewController.h */ = {isa = PBXFileReference; fileEncoding = 4; lastKnownFileType = sourcecode.c.h; path = IRChoosingBookViewController.h; sourceTree = "<group>"; };
		A2E1A61F18CA780A00CD1E28 /* IRChoosingBookViewController.m */ = {isa = PBXFileReference; fileEncoding = 4; lastKnownFileType = sourcecode.c.objc; path = IRChoosingBookViewController.m; sourceTree = "<group>"; };
		A2E1A62118CA7EE300CD1E28 /* IRBooksContainerDelegate.h */ = {isa = PBXFileReference; lastKnownFileType = sourcecode.c.h; path = IRBooksContainerDelegate.h; sourceTree = "<group>"; };
/* End PBXFileReference section */

/* Begin PBXFrameworksBuildPhase section */
		A276A86518C3D5FF006865F2 /* Frameworks */ = {
			isa = PBXFrameworksBuildPhase;
			buildActionMask = 2147483647;
			files = (
				A276A8A918C3E090006865F2 /* MobileCoreServices.framework in Frameworks */,
				A276A86E18C3D5FF006865F2 /* CoreGraphics.framework in Frameworks */,
				A276A87018C3D5FF006865F2 /* UIKit.framework in Frameworks */,
				A276A86C18C3D5FF006865F2 /* Foundation.framework in Frameworks */,
			);
			runOnlyForDeploymentPostprocessing = 0;
		};
		A276A88618C3D5FF006865F2 /* Frameworks */ = {
			isa = PBXFrameworksBuildPhase;
			buildActionMask = 2147483647;
			files = (
				A276A88B18C3D5FF006865F2 /* XCTest.framework in Frameworks */,
				A276A88D18C3D5FF006865F2 /* UIKit.framework in Frameworks */,
				A276A88C18C3D5FF006865F2 /* Foundation.framework in Frameworks */,
			);
			runOnlyForDeploymentPostprocessing = 0;
		};
/* End PBXFrameworksBuildPhase section */

/* Begin PBXGroup section */
		A276A85F18C3D5FE006865F2 = {
			isa = PBXGroup;
			children = (
				A276A87118C3D5FF006865F2 /* InstaReview */,
				A276A89018C3D5FF006865F2 /* InstaReviewTests */,
				A276A86A18C3D5FF006865F2 /* Frameworks */,
				A276A86918C3D5FF006865F2 /* Products */,
			);
			sourceTree = "<group>";
		};
		A276A86918C3D5FF006865F2 /* Products */ = {
			isa = PBXGroup;
			children = (
				A276A86818C3D5FF006865F2 /* InstaReview.app */,
				A276A88918C3D5FF006865F2 /* InstaReviewTests.xctest */,
			);
			name = Products;
			sourceTree = "<group>";
		};
		A276A86A18C3D5FF006865F2 /* Frameworks */ = {
			isa = PBXGroup;
			children = (
				A276A8A818C3E090006865F2 /* MobileCoreServices.framework */,
				A276A86B18C3D5FF006865F2 /* Foundation.framework */,
				A276A86D18C3D5FF006865F2 /* CoreGraphics.framework */,
				A276A86F18C3D5FF006865F2 /* UIKit.framework */,
				A276A88A18C3D5FF006865F2 /* XCTest.framework */,
			);
			name = Frameworks;
			sourceTree = "<group>";
		};
		A276A87118C3D5FF006865F2 /* InstaReview */ = {
			isa = PBXGroup;
			children = (
				A276A87D18C3D5FF006865F2 /* Main.storyboard */,
				A276A8A518C3D720006865F2 /* View */,
				A276A8A418C3D718006865F2 /* ViewController */,
				A276A8A218C3D706006865F2 /* Model */,
				A276A8A318C3D710006865F2 /* API */,
				A276A8A018C3D6F0006865F2 /* Resources */,
				A276A87218C3D5FF006865F2 /* Supporting Files */,
			);
			path = InstaReview;
			sourceTree = "<group>";
		};
		A276A87218C3D5FF006865F2 /* Supporting Files */ = {
			isa = PBXGroup;
			children = (
				A276A87A18C3D5FF006865F2 /* IRAppDelegate.h */,
				A276A87B18C3D5FF006865F2 /* IRAppDelegate.m */,
				A276A87318C3D5FF006865F2 /* InstaReview-Info.plist */,
				A276A87418C3D5FF006865F2 /* InfoPlist.strings */,
				A276A87718C3D5FF006865F2 /* main.m */,
				A276A87918C3D5FF006865F2 /* InstaReview-Prefix.pch */,
			);
			name = "Supporting Files";
			sourceTree = "<group>";
		};
		A276A89018C3D5FF006865F2 /* InstaReviewTests */ = {
			isa = PBXGroup;
			children = (
				A276A89618C3D5FF006865F2 /* InstaReviewTests.m */,
				A276A89118C3D5FF006865F2 /* Supporting Files */,
			);
			path = InstaReviewTests;
			sourceTree = "<group>";
		};
		A276A89118C3D5FF006865F2 /* Supporting Files */ = {
			isa = PBXGroup;
			children = (
				A276A89218C3D5FF006865F2 /* InstaReviewTests-Info.plist */,
				A276A89318C3D5FF006865F2 /* InfoPlist.strings */,
			);
			name = "Supporting Files";
			sourceTree = "<group>";
		};
		A276A8A018C3D6F0006865F2 /* Resources */ = {
			isa = PBXGroup;
			children = (
				A28D73D318CC791E00B2965B /* 5stars-bw@2x.png */,
				A28D73D418CC791E00B2965B /* 5stars@2x.png */,
				A21A6CF618CBD12900EA7776 /* blankCover.png */,
				A276A88318C3D5FF006865F2 /* Images.xcassets */,
			);
			name = Resources;
			sourceTree = "<group>";
		};
		A276A8A218C3D706006865F2 /* Model */ = {
			isa = PBXGroup;
			children = (
				A2E1A60F18CA679D00CD1E28 /* IRBookDetails.h */,
				A2E1A61018CA679D00CD1E28 /* IRBookDetails.m */,
				A2E1A61218CA67A600CD1E28 /* IRBookReview.h */,
				A2E1A61318CA67A600CD1E28 /* IRBookReview.m */,
			);
			name = Model;
			sourceTree = "<group>";
		};
		A276A8A318C3D710006865F2 /* API */ = {
			isa = PBXGroup;
			children = (
				A23BE78918C3FB5100FD461D /* IRReviewsAPI.h */,
				A23BE78A18C3FB5100FD461D /* IRReviewsAPI.m */,
				A2E1A61518CA6E3400CD1E28 /* IRReviewsFetcher.h */,
				A2E1A61618CA6E3400CD1E28 /* IRReviewsFetcher.m */,
				A276A8AA18C3EDB0006865F2 /* IRHTTPClient.h */,
				A276A8AB18C3EDB0006865F2 /* IRHTTPClient.m */,
				A276A8AD18C3EFC7006865F2 /* MLIMGURUploader.h */,
				A276A8AE18C3EFC7006865F2 /* MLIMGURUploader.m */,
			);
			name = API;
			sourceTree = "<group>";
		};
		A276A8A418C3D718006865F2 /* ViewController */ = {
			isa = PBXGroup;
			children = (
				A276A88018C3D5FF006865F2 /* IRMainViewController.h */,
				A276A88118C3D5FF006865F2 /* IRMainViewController.m */,
				A2E1A61E18CA780A00CD1E28 /* IRChoosingBookViewController.h */,
				A2E1A61F18CA780A00CD1E28 /* IRChoosingBookViewController.m */,
				A255B8C018CB1ABB00EEC446 /* IRBookDetailsViewController.h */,
				A255B8C118CB1ABB00EEC446 /* IRBookDetailsViewController.m */,
				A2E1A62118CA7EE300CD1E28 /* IRBooksContainerDelegate.h */,
			);
			name = ViewController;
			sourceTree = "<group>";
		};
		A276A8A518C3D720006865F2 /* View */ = {
			isa = PBXGroup;
			children = (
				A2B310A918CA628000868DEA /* UIImage+ */,
			);
			name = View;
			sourceTree = "<group>";
		};
		A2B310A918CA628000868DEA /* UIImage+ */ = {
			isa = PBXGroup;
			children = (
				A2B310A618CA60FF00868DEA /* UIImage+Resize.h */,
				A2B310A718CA60FF00868DEA /* UIImage+Resize.m */,
			);
			name = "UIImage+";
			sourceTree = "<group>";
		};
/* End PBXGroup section */

/* Begin PBXNativeTarget section */
		A276A86718C3D5FF006865F2 /* InstaReview */ = {
			isa = PBXNativeTarget;
			buildConfigurationList = A276A89A18C3D5FF006865F2 /* Build configuration list for PBXNativeTarget "InstaReview" */;
			buildPhases = (
				A276A86418C3D5FF006865F2 /* Sources */,
				A276A86518C3D5FF006865F2 /* Frameworks */,
				A276A86618C3D5FF006865F2 /* Resources */,
			);
			buildRules = (
			);
			dependencies = (
			);
			name = InstaReview;
			productName = InstaReview;
			productReference = A276A86818C3D5FF006865F2 /* InstaReview.app */;
			productType = "com.apple.product-type.application";
		};
		A276A88818C3D5FF006865F2 /* InstaReviewTests */ = {
			isa = PBXNativeTarget;
			buildConfigurationList = A276A89D18C3D5FF006865F2 /* Build configuration list for PBXNativeTarget "InstaReviewTests" */;
			buildPhases = (
				A276A88518C3D5FF006865F2 /* Sources */,
				A276A88618C3D5FF006865F2 /* Frameworks */,
				A276A88718C3D5FF006865F2 /* Resources */,
			);
			buildRules = (
			);
			dependencies = (
				A276A88F18C3D5FF006865F2 /* PBXTargetDependency */,
			);
			name = InstaReviewTests;
			productName = InstaReviewTests;
			productReference = A276A88918C3D5FF006865F2 /* InstaReviewTests.xctest */;
			productType = "com.apple.product-type.bundle.unit-test";
		};
/* End PBXNativeTarget section */

/* Begin PBXProject section */
		A276A86018C3D5FE006865F2 /* Project object */ = {
			isa = PBXProject;
			attributes = {
				CLASSPREFIX = IR;
				LastUpgradeCheck = 0510;
				ORGANIZATIONNAME = "Max Medvedev";
				TargetAttributes = {
					A276A86718C3D5FF006865F2 = {
						DevelopmentTeam = WAZ4HJ5VNJ;
					};
					A276A88818C3D5FF006865F2 = {
						TestTargetID = A276A86718C3D5FF006865F2;
					};
				};
			};
			buildConfigurationList = A276A86318C3D5FE006865F2 /* Build configuration list for PBXProject "InstaReview" */;
			compatibilityVersion = "Xcode 3.2";
			developmentRegion = English;
			hasScannedForEncodings = 0;
			knownRegions = (
				en,
				Base,
			);
			mainGroup = A276A85F18C3D5FE006865F2;
			productRefGroup = A276A86918C3D5FF006865F2 /* Products */;
			projectDirPath = "";
			projectRoot = "";
			targets = (
				A276A86718C3D5FF006865F2 /* InstaReview */,
				A276A88818C3D5FF006865F2 /* InstaReviewTests */,
			);
		};
/* End PBXProject section */

/* Begin PBXResourcesBuildPhase section */
		A276A86618C3D5FF006865F2 /* Resources */ = {
			isa = PBXResourcesBuildPhase;
			buildActionMask = 2147483647;
			files = (
				A276A88418C3D5FF006865F2 /* Images.xcassets in Resources */,
				A276A87618C3D5FF006865F2 /* InfoPlist.strings in Resources */,
				A28D73D618CC791E00B2965B /* 5stars@2x.png in Resources */,
				A21A6CF718CBD12900EA7776 /* blankCover.png in Resources */,
				A28D73D518CC791E00B2965B /* 5stars-bw@2x.png in Resources */,
				A276A87F18C3D5FF006865F2 /* Main.storyboard in Resources */,
			);
			runOnlyForDeploymentPostprocessing = 0;
		};
		A276A88718C3D5FF006865F2 /* Resources */ = {
			isa = PBXResourcesBuildPhase;
			buildActionMask = 2147483647;
			files = (
				A276A89518C3D5FF006865F2 /* InfoPlist.strings in Resources */,
			);
			runOnlyForDeploymentPostprocessing = 0;
		};
/* End PBXResourcesBuildPhase section */

/* Begin PBXSourcesBuildPhase section */
		A276A86418C3D5FF006865F2 /* Sources */ = {
			isa = PBXSourcesBuildPhase;
			buildActionMask = 2147483647;
			files = (
				A276A87818C3D5FF006865F2 /* main.m in Sources */,
				A2E1A61418CA67A600CD1E28 /* IRBookReview.m in Sources */,
				A2B310A818CA60FF00868DEA /* UIImage+Resize.m in Sources */,
				A255B8C218CB1ABB00EEC446 /* IRBookDetailsViewController.m in Sources */,
				A2E1A61118CA679D00CD1E28 /* IRBookDetails.m in Sources */,
				A276A87C18C3D5FF006865F2 /* IRAppDelegate.m in Sources */,
				A2E1A61718CA6E3400CD1E28 /* IRReviewsFetcher.m in Sources */,
				A276A88218C3D5FF006865F2 /* IRMainViewController.m in Sources */,
				A276A8AC18C3EDB0006865F2 /* IRHTTPClient.m in Sources */,
				A2E1A62018CA780A00CD1E28 /* IRChoosingBookViewController.m in Sources */,
				A23BE78B18C3FB5100FD461D /* IRReviewsAPI.m in Sources */,
				A276A8AF18C3EFC7006865F2 /* MLIMGURUploader.m in Sources */,
			);
			runOnlyForDeploymentPostprocessing = 0;
		};
		A276A88518C3D5FF006865F2 /* Sources */ = {
			isa = PBXSourcesBuildPhase;
			buildActionMask = 2147483647;
			files = (
				A276A89718C3D5FF006865F2 /* InstaReviewTests.m in Sources */,
			);
			runOnlyForDeploymentPostprocessing = 0;
		};
/* End PBXSourcesBuildPhase section */

/* Begin PBXTargetDependency section */
		A276A88F18C3D5FF006865F2 /* PBXTargetDependency */ = {
			isa = PBXTargetDependency;
			target = A276A86718C3D5FF006865F2 /* InstaReview */;
			targetProxy = A276A88E18C3D5FF006865F2 /* PBXContainerItemProxy */;
		};
/* End PBXTargetDependency section */

/* Begin PBXVariantGroup section */
		A276A87418C3D5FF006865F2 /* InfoPlist.strings */ = {
			isa = PBXVariantGroup;
			children = (
				A276A87518C3D5FF006865F2 /* en */,
			);
			name = InfoPlist.strings;
			sourceTree = "<group>";
		};
		A276A87D18C3D5FF006865F2 /* Main.storyboard */ = {
			isa = PBXVariantGroup;
			children = (
				A276A87E18C3D5FF006865F2 /* Base */,
			);
			name = Main.storyboard;
			sourceTree = "<group>";
		};
		A276A89318C3D5FF006865F2 /* InfoPlist.strings */ = {
			isa = PBXVariantGroup;
			children = (
				A276A89418C3D5FF006865F2 /* en */,
			);
			name = InfoPlist.strings;
			sourceTree = "<group>";
		};
/* End PBXVariantGroup section */

/* Begin XCBuildConfiguration section */
		A276A89818C3D5FF006865F2 /* Debug */ = {
			isa = XCBuildConfiguration;
			buildSettings = {
				ALWAYS_SEARCH_USER_PATHS = NO;
				CLANG_CXX_LANGUAGE_STANDARD = "gnu++0x";
				CLANG_CXX_LIBRARY = "libc++";
				CLANG_ENABLE_MODULES = YES;
				CLANG_ENABLE_OBJC_ARC = YES;
				CLANG_WARN_BOOL_CONVERSION = YES;
				CLANG_WARN_CONSTANT_CONVERSION = YES;
				CLANG_WARN_DIRECT_OBJC_ISA_USAGE = YES_ERROR;
				CLANG_WARN_EMPTY_BODY = YES;
				CLANG_WARN_ENUM_CONVERSION = YES;
				CLANG_WARN_INT_CONVERSION = YES;
				CLANG_WARN_OBJC_ROOT_CLASS = YES_ERROR;
				CLANG_WARN__DUPLICATE_METHOD_MATCH = YES;
				"CODE_SIGN_IDENTITY[sdk=iphoneos*]" = "iPhone Developer";
				COPY_PHASE_STRIP = NO;
				GCC_C_LANGUAGE_STANDARD = gnu99;
				GCC_DYNAMIC_NO_PIC = NO;
				GCC_OPTIMIZATION_LEVEL = 0;
				GCC_PREPROCESSOR_DEFINITIONS = (
					"DEBUG=1",
					"$(inherited)",
				);
				GCC_SYMBOLS_PRIVATE_EXTERN = NO;
				GCC_WARN_64_TO_32_BIT_CONVERSION = YES;
				GCC_WARN_ABOUT_RETURN_TYPE = YES_ERROR;
				GCC_WARN_UNDECLARED_SELECTOR = YES;
				GCC_WARN_UNINITIALIZED_AUTOS = YES;
				GCC_WARN_UNUSED_FUNCTION = YES;
				GCC_WARN_UNUSED_VARIABLE = YES;
				IPHONEOS_DEPLOYMENT_TARGET = 7.0;
				ONLY_ACTIVE_ARCH = YES;
				SDKROOT = iphoneos;
			};
			name = Debug;
		};
		A276A89918C3D5FF006865F2 /* Release */ = {
			isa = XCBuildConfiguration;
			buildSettings = {
				ALWAYS_SEARCH_USER_PATHS = NO;
				CLANG_CXX_LANGUAGE_STANDARD = "gnu++0x";
				CLANG_CXX_LIBRARY = "libc++";
				CLANG_ENABLE_MODULES = YES;
				CLANG_ENABLE_OBJC_ARC = YES;
				CLANG_WARN_BOOL_CONVERSION = YES;
				CLANG_WARN_CONSTANT_CONVERSION = YES;
				CLANG_WARN_DIRECT_OBJC_ISA_USAGE = YES_ERROR;
				CLANG_WARN_EMPTY_BODY = YES;
				CLANG_WARN_ENUM_CONVERSION = YES;
				CLANG_WARN_INT_CONVERSION = YES;
				CLANG_WARN_OBJC_ROOT_CLASS = YES_ERROR;
				CLANG_WARN__DUPLICATE_METHOD_MATCH = YES;
				"CODE_SIGN_IDENTITY[sdk=iphoneos*]" = "iPhone Developer";
				COPY_PHASE_STRIP = YES;
				ENABLE_NS_ASSERTIONS = NO;
				GCC_C_LANGUAGE_STANDARD = gnu99;
				GCC_WARN_64_TO_32_BIT_CONVERSION = YES;
				GCC_WARN_ABOUT_RETURN_TYPE = YES_ERROR;
				GCC_WARN_UNDECLARED_SELECTOR = YES;
				GCC_WARN_UNINITIALIZED_AUTOS = YES;
				GCC_WARN_UNUSED_FUNCTION = YES;
				GCC_WARN_UNUSED_VARIABLE = YES;
				IPHONEOS_DEPLOYMENT_TARGET = 7.0;
				SDKROOT = iphoneos;
				VALIDATE_PRODUCT = YES;
			};
			name = Release;
		};
		A276A89B18C3D5FF006865F2 /* Debug */ = {
			isa = XCBuildConfiguration;
			buildSettings = {
				ASSETCATALOG_COMPILER_APPICON_NAME = AppIcon;
				ASSETCATALOG_COMPILER_LAUNCHIMAGE_NAME = LaunchImage;
				CODE_SIGN_IDENTITY = "iPhone Developer";
				GCC_PRECOMPILE_PREFIX_HEADER = YES;
				GCC_PREFIX_HEADER = "InstaReview/InstaReview-Prefix.pch";
				INFOPLIST_FILE = "InstaReview/InstaReview-Info.plist";
				PRODUCT_NAME = "$(TARGET_NAME)";
				WRAPPER_EXTENSION = app;
			};
			name = Debug;
		};
		A276A89C18C3D5FF006865F2 /* Release */ = {
			isa = XCBuildConfiguration;
			buildSettings = {
				ASSETCATALOG_COMPILER_APPICON_NAME = AppIcon;
				ASSETCATALOG_COMPILER_LAUNCHIMAGE_NAME = LaunchImage;
				CODE_SIGN_IDENTITY = "iPhone Developer";
				GCC_PRECOMPILE_PREFIX_HEADER = YES;
				GCC_PREFIX_HEADER = "InstaReview/InstaReview-Prefix.pch";
				INFOPLIST_FILE = "InstaReview/InstaReview-Info.plist";
				PRODUCT_NAME = "$(TARGET_NAME)";
				WRAPPER_EXTENSION = app;
			};
			name = Release;
		};
		A276A89E18C3D5FF006865F2 /* Debug */ = {
			isa = XCBuildConfiguration;
			buildSettings = {
				BUNDLE_LOADER = "$(BUILT_PRODUCTS_DIR)/InstaReview.app/InstaReview";
				FRAMEWORK_SEARCH_PATHS = (
					"$(SDKROOT)/Developer/Library/Frameworks",
					"$(inherited)",
					"$(DEVELOPER_FRAMEWORKS_DIR)",
				);
				GCC_PRECOMPILE_PREFIX_HEADER = YES;
				GCC_PREFIX_HEADER = "InstaReview/InstaReview-Prefix.pch";
				GCC_PREPROCESSOR_DEFINITIONS = (
					"DEBUG=1",
					"$(inherited)",
				);
				INFOPLIST_FILE = "InstaReviewTests/InstaReviewTests-Info.plist";
				PRODUCT_NAME = "$(TARGET_NAME)";
				TEST_HOST = "$(BUNDLE_LOADER)";
				WRAPPER_EXTENSION = xctest;
			};
			name = Debug;
		};
		A276A89F18C3D5FF006865F2 /* Release */ = {
			isa = XCBuildConfiguration;
			buildSettings = {
				BUNDLE_LOADER = "$(BUILT_PRODUCTS_DIR)/InstaReview.app/InstaReview";
				FRAMEWORK_SEARCH_PATHS = (
					"$(SDKROOT)/Developer/Library/Frameworks",
					"$(inherited)",
					"$(DEVELOPER_FRAMEWORKS_DIR)",
				);
				GCC_PRECOMPILE_PREFIX_HEADER = YES;
				GCC_PREFIX_HEADER = "InstaReview/InstaReview-Prefix.pch";
				INFOPLIST_FILE = "InstaReviewTests/InstaReviewTests-Info.plist";
				PRODUCT_NAME = "$(TARGET_NAME)";
				TEST_HOST = "$(BUNDLE_LOADER)";
				WRAPPER_EXTENSION = xctest;
			};
			name = Release;
		};
/* End XCBuildConfiguration section */

/* Begin XCConfigurationList section */
		A276A86318C3D5FE006865F2 /* Build configuration list for PBXProject "InstaReview" */ = {
			isa = XCConfigurationList;
			buildConfigurations = (
				A276A89818C3D5FF006865F2 /* Debug */,
				A276A89918C3D5FF006865F2 /* Release */,
			);
			defaultConfigurationIsVisible = 0;
			defaultConfigurationName = Release;
		};
		A276A89A18C3D5FF006865F2 /* Build configuration list for PBXNativeTarget "InstaReview" */ = {
			isa = XCConfigurationList;
			buildConfigurations = (
				A276A89B18C3D5FF006865F2 /* Debug */,
				A276A89C18C3D5FF006865F2 /* Release */,
			);
			defaultConfigurationIsVisible = 0;
			defaultConfigurationName = Release;
		};
		A276A89D18C3D5FF006865F2 /* Build configuration list for PBXNativeTarget "InstaReviewTests" */ = {
			isa = XCConfigurationList;
			buildConfigurations = (
				A276A89E18C3D5FF006865F2 /* Debug */,
				A276A89F18C3D5FF006865F2 /* Release */,
			);
			defaultConfigurationIsVisible = 0;
			defaultConfigurationName = Release;
		};
/* End XCConfigurationList section */
	};
	rootObject = A276A86018C3D5FE006865F2 /* Project object */;
}
